// !$*UTF8*$!
{
	archiveVersion = 1;
	classes = {
	};
	objectVersion = 46;
	objects = {

/* Begin PBXBuildFile section */
		E14A34C41643A64F00B8EB6E /* libffi.dylib in Frameworks */ = {isa = PBXBuildFile; fileRef = E14A34C31643A64F00B8EB6E /* libffi.dylib */; };
		E14A34E11643A77F00B8EB6E /* UIKit.framework in Frameworks */ = {isa = PBXBuildFile; fileRef = E14A34E01643A77F00B8EB6E /* UIKit.framework */; };
		E14A34E31643A77F00B8EB6E /* Foundation.framework in Frameworks */ = {isa = PBXBuildFile; fileRef = E14A34E21643A77F00B8EB6E /* Foundation.framework */; };
		E14A34E51643A77F00B8EB6E /* CoreGraphics.framework in Frameworks */ = {isa = PBXBuildFile; fileRef = E14A34E41643A77F00B8EB6E /* CoreGraphics.framework */; };
		E14A34EB1643A77F00B8EB6E /* InfoPlist.strings in Resources */ = {isa = PBXBuildFile; fileRef = E14A34E91643A77F00B8EB6E /* InfoPlist.strings */; };
		E14A34ED1643A77F00B8EB6E /* main.m in Sources */ = {isa = PBXBuildFile; fileRef = E14A34EC1643A77F00B8EB6E /* main.m */; };
		E14A34F31643A77F00B8EB6E /* Default.png in Resources */ = {isa = PBXBuildFile; fileRef = E14A34F21643A77F00B8EB6E /* Default.png */; };
		E14A34F51643A77F00B8EB6E /* Default@2x.png in Resources */ = {isa = PBXBuildFile; fileRef = E14A34F41643A77F00B8EB6E /* Default@2x.png */; };
		E14A34F71643A77F00B8EB6E /* Default-568h@2x.png in Resources */ = {isa = PBXBuildFile; fileRef = E14A34F61643A77F00B8EB6E /* Default-568h@2x.png */; };
		E14A34FC1643A79D00B8EB6E /* Main.v in Resources */ = {isa = PBXBuildFile; fileRef = E14A34FB1643A79D00B8EB6E /* Main.v */; };
		E14A35271643A83A00B8EB6E /* LuaCParser.lua in Resources */ = {isa = PBXBuildFile; fileRef = E1A4000C1643993300F8AE92 /* LuaCParser.lua */; };
		E14A35281643A83A00B8EB6E /* VMKParser.lua in Resources */ = {isa = PBXBuildFile; fileRef = E1A4000D1643993300F8AE92 /* VMKParser.lua */; };
		E14A35291643A86500B8EB6E /* VeritasMachineKit.framework in Frameworks */ = {isa = PBXBuildFile; fileRef = E1A4005416439A1D00F8AE92 /* VeritasMachineKit.framework */; };
		E14A352A1643A8B100B8EB6E /* Accelerate.bridgesupport in Resources */ = {isa = PBXBuildFile; fileRef = E1A4FF8C1643993300F8AE92 /* Accelerate.bridgesupport */; };
		E14A352B1643A8B100B8EB6E /* Accounts.bridgesupport in Resources */ = {isa = PBXBuildFile; fileRef = E1A4FF8D1643993300F8AE92 /* Accounts.bridgesupport */; };
		E14A352C1643A8B100B8EB6E /* AddressBook.bridgesupport in Resources */ = {isa = PBXBuildFile; fileRef = E1A4FF8E1643993300F8AE92 /* AddressBook.bridgesupport */; };
		E14A352D1643A8B100B8EB6E /* AddressBookUI.bridgesupport in Resources */ = {isa = PBXBuildFile; fileRef = E1A4FF8F1643993300F8AE92 /* AddressBookUI.bridgesupport */; };
		E14A352E1643A8B100B8EB6E /* AssetsLibrary.bridgesupport in Resources */ = {isa = PBXBuildFile; fileRef = E1A4FF901643993300F8AE92 /* AssetsLibrary.bridgesupport */; };
		E14A352F1643A8B100B8EB6E /* AudioToolbox.bridgesupport in Resources */ = {isa = PBXBuildFile; fileRef = E1A4FF911643993300F8AE92 /* AudioToolbox.bridgesupport */; };
		E14A35301643A8B100B8EB6E /* AudioUnit.bridgesupport in Resources */ = {isa = PBXBuildFile; fileRef = E1A4FF921643993300F8AE92 /* AudioUnit.bridgesupport */; };
		E14A35311643A8B100B8EB6E /* AVFoundation.bridgesupport in Resources */ = {isa = PBXBuildFile; fileRef = E1A4FF931643993300F8AE92 /* AVFoundation.bridgesupport */; };
		E14A35321643A8B100B8EB6E /* CoreAudio.bridgesupport in Resources */ = {isa = PBXBuildFile; fileRef = E1A4FF941643993300F8AE92 /* CoreAudio.bridgesupport */; };
		E14A35331643A8B100B8EB6E /* CoreBluetooth.bridgesupport in Resources */ = {isa = PBXBuildFile; fileRef = E1A4FF951643993300F8AE92 /* CoreBluetooth.bridgesupport */; };
		E14A35341643A8B100B8EB6E /* CoreData.bridgesupport in Resources */ = {isa = PBXBuildFile; fileRef = E1A4FF961643993300F8AE92 /* CoreData.bridgesupport */; };
		E14A35351643A8B100B8EB6E /* CoreFoundation.bridgesupport in Resources */ = {isa = PBXBuildFile; fileRef = E1A4FF971643993300F8AE92 /* CoreFoundation.bridgesupport */; };
		E14A35361643A8B100B8EB6E /* CoreImage.bridgesupport in Resources */ = {isa = PBXBuildFile; fileRef = E1A4FF981643993300F8AE92 /* CoreImage.bridgesupport */; };
		E14A35371643A8B100B8EB6E /* CoreLocation.bridgesupport in Resources */ = {isa = PBXBuildFile; fileRef = E1A4FF991643993300F8AE92 /* CoreLocation.bridgesupport */; };
		E14A35381643A8B100B8EB6E /* CoreMedia.bridgesupport in Resources */ = {isa = PBXBuildFile; fileRef = E1A4FF9A1643993300F8AE92 /* CoreMedia.bridgesupport */; };
		E14A35391643A8B100B8EB6E /* CoreMIDI.bridgesupport in Resources */ = {isa = PBXBuildFile; fileRef = E1A4FF9B1643993300F8AE92 /* CoreMIDI.bridgesupport */; };
		E14A353A1643A8B100B8EB6E /* CoreMotion.bridgesupport in Resources */ = {isa = PBXBuildFile; fileRef = E1A4FF9C1643993300F8AE92 /* CoreMotion.bridgesupport */; };
		E14A353B1643A8B100B8EB6E /* CoreTelephony.bridgesupport in Resources */ = {isa = PBXBuildFile; fileRef = E1A4FF9D1643993300F8AE92 /* CoreTelephony.bridgesupport */; };
		E14A353C1643A8B100B8EB6E /* CoreVideo.bridgesupport in Resources */ = {isa = PBXBuildFile; fileRef = E1A4FF9E1643993300F8AE92 /* CoreVideo.bridgesupport */; };
		E14A353D1643A8B100B8EB6E /* EventKit.bridgesupport in Resources */ = {isa = PBXBuildFile; fileRef = E1A4FF9F1643993300F8AE92 /* EventKit.bridgesupport */; };
		E14A353E1643A8B100B8EB6E /* EventKitUI.bridgesupport in Resources */ = {isa = PBXBuildFile; fileRef = E1A4FFA01643993300F8AE92 /* EventKitUI.bridgesupport */; };
		E14A353F1643A8B100B8EB6E /* ExternalAccessory.bridgesupport in Resources */ = {isa = PBXBuildFile; fileRef = E1A4FFA11643993300F8AE92 /* ExternalAccessory.bridgesupport */; };
		E14A35401643A8B100B8EB6E /* Foundation.bridgesupport in Resources */ = {isa = PBXBuildFile; fileRef = E1A4FFA21643993300F8AE92 /* Foundation.bridgesupport */; };
		E14A35411643A8B100B8EB6E /* GameKit.bridgesupport in Resources */ = {isa = PBXBuildFile; fileRef = E1A4FFA31643993300F8AE92 /* GameKit.bridgesupport */; };
		E14A35421643A8B100B8EB6E /* GSS.bridgesupport in Resources */ = {isa = PBXBuildFile; fileRef = E1A4FFA41643993300F8AE92 /* GSS.bridgesupport */; };
		E14A35431643A8B100B8EB6E /* iAd.bridgesupport in Resources */ = {isa = PBXBuildFile; fileRef = E1A4FFA51643993300F8AE92 /* iAd.bridgesupport */; };
		E14A35441643A8B100B8EB6E /* MapKit.bridgesupport in Resources */ = {isa = PBXBuildFile; fileRef = E1A4FFA61643993300F8AE92 /* MapKit.bridgesupport */; };
		E14A35451643A8B100B8EB6E /* MediaPlayer.bridgesupport in Resources */ = {isa = PBXBuildFile; fileRef = E1A4FFA71643993300F8AE92 /* MediaPlayer.bridgesupport */; };
		E14A35461643A8B100B8EB6E /* MessageUI.bridgesupport in Resources */ = {isa = PBXBuildFile; fileRef = E1A4FFA81643993300F8AE92 /* MessageUI.bridgesupport */; };
		E14A35471643A8B100B8EB6E /* MobileCoreServices.bridgesupport in Resources */ = {isa = PBXBuildFile; fileRef = E1A4FFA91643993300F8AE92 /* MobileCoreServices.bridgesupport */; };
		E14A35481643A8B100B8EB6E /* NewsstandKit.bridgesupport in Resources */ = {isa = PBXBuildFile; fileRef = E1A4FFAA1643993300F8AE92 /* NewsstandKit.bridgesupport */; };
		E14A35491643A8B100B8EB6E /* OpenAL.bridgesupport in Resources */ = {isa = PBXBuildFile; fileRef = E1A4FFAB1643993300F8AE92 /* OpenAL.bridgesupport */; };
		E14A354A1643A8B100B8EB6E /* OpenGLES.bridgesupport in Resources */ = {isa = PBXBuildFile; fileRef = E1A4FFAC1643993300F8AE92 /* OpenGLES.bridgesupport */; };
		E14A354B1643A8B100B8EB6E /* QuartzCore.bridgesupport in Resources */ = {isa = PBXBuildFile; fileRef = E1A4FFAD1643993300F8AE92 /* QuartzCore.bridgesupport */; };
		E14A354C1643A8B100B8EB6E /* QuickLook.bridgesupport in Resources */ = {isa = PBXBuildFile; fileRef = E1A4FFAE1643993300F8AE92 /* QuickLook.bridgesupport */; };
		E14A354D1643A8B100B8EB6E /* Security.bridgesupport in Resources */ = {isa = PBXBuildFile; fileRef = E1A4FFAF1643993300F8AE92 /* Security.bridgesupport */; };
		E14A354E1643A8B100B8EB6E /* StoreKit.bridgesupport in Resources */ = {isa = PBXBuildFile; fileRef = E1A4FFB01643993300F8AE92 /* StoreKit.bridgesupport */; };
		E14A354F1643A8B100B8EB6E /* SystemConfiguration.bridgesupport in Resources */ = {isa = PBXBuildFile; fileRef = E1A4FFB11643993300F8AE92 /* SystemConfiguration.bridgesupport */; };
		E14A35501643A8B100B8EB6E /* Twitter.bridgesupport in Resources */ = {isa = PBXBuildFile; fileRef = E1A4FFB21643993300F8AE92 /* Twitter.bridgesupport */; };
		E14A35511643A8B100B8EB6E /* UIKit.bridgesupport in Resources */ = {isa = PBXBuildFile; fileRef = E1A4FFB31643993300F8AE92 /* UIKit.bridgesupport */; };
		E14A35521643A8BF00B8EB6E /* LuaCParser.lua in Resources */ = {isa = PBXBuildFile; fileRef = E1A4000C1643993300F8AE92 /* LuaCParser.lua */; };
		E14A35531643A8BF00B8EB6E /* VMKParser.lua in Resources */ = {isa = PBXBuildFile; fileRef = E1A4000D1643993300F8AE92 /* VMKParser.lua */; };
		E15713A31643A34C00F6EAAB /* UIKit.framework in Frameworks */ = {isa = PBXBuildFile; fileRef = E15713A21643A34C00F6EAAB /* UIKit.framework */; };
		E15713A51643A39500F6EAAB /* libxml2.2.dylib in Frameworks */ = {isa = PBXBuildFile; fileRef = E15713A41643A39500F6EAAB /* libxml2.2.dylib */; };
		E15713A71643A40B00F6EAAB /* QuartzCore.framework in Frameworks */ = {isa = PBXBuildFile; fileRef = E15713A61643A40B00F6EAAB /* QuartzCore.framework */; };
		E15713A91643A45A00F6EAAB /* libffi_ios.a in Frameworks */ = {isa = PBXBuildFile; fileRef = E1A400001643993300F8AE92 /* libffi_ios.a */; };
		E15713AB1643A47000F6EAAB /* CoreGraphics.framework in Frameworks */ = {isa = PBXBuildFile; fileRef = E15713AA1643A47000F6EAAB /* CoreGraphics.framework */; };
		E15713AD1643A47900F6EAAB /* OpenGLES.framework in Frameworks */ = {isa = PBXBuildFile; fileRef = E15713AC1643A47900F6EAAB /* OpenGLES.framework */; };
		E15713AF1643A51F00F6EAAB /* ffi.h in Headers */ = {isa = PBXBuildFile; fileRef = E1A400041643993300F8AE92 /* ffi.h */; };
		E15713B01643A51F00F6EAAB /* ffi_i386.h in Headers */ = {isa = PBXBuildFile; fileRef = E1A400051643993300F8AE92 /* ffi_i386.h */; };
		E15713B11643A51F00F6EAAB /* ffi_x86_64.h in Headers */ = {isa = PBXBuildFile; fileRef = E1A400061643993300F8AE92 /* ffi_x86_64.h */; };
		E15713B21643A51F00F6EAAB /* ffitarget.h in Headers */ = {isa = PBXBuildFile; fileRef = E1A400071643993300F8AE92 /* ffitarget.h */; };
		E15713B31643A51F00F6EAAB /* ffitarget_i386.h in Headers */ = {isa = PBXBuildFile; fileRef = E1A400081643993300F8AE92 /* ffitarget_i386.h */; };
		E15713B41643A51F00F6EAAB /* ffitarget_x86_64.h in Headers */ = {isa = PBXBuildFile; fileRef = E1A400091643993300F8AE92 /* ffitarget_x86_64.h */; };
		E15713B71643A5B700F6EAAB /* libxml2.2.dylib in Frameworks */ = {isa = PBXBuildFile; fileRef = E15713B61643A5B700F6EAAB /* libxml2.2.dylib */; };
		E15713B91643A5BE00F6EAAB /* CoreGraphics.framework in Frameworks */ = {isa = PBXBuildFile; fileRef = E15713B81643A5BE00F6EAAB /* CoreGraphics.framework */; };
		E15713BB1643A5C300F6EAAB /* QuartzCore.framework in Frameworks */ = {isa = PBXBuildFile; fileRef = E15713BA1643A5C300F6EAAB /* QuartzCore.framework */; };
		E172CF6A16B19DF800B5E035 /* CFRuntime.h in Headers */ = {isa = PBXBuildFile; fileRef = E172CF6916B19DF800B5E035 /* CFRuntime.h */; };
		E172CF6B16B19DF800B5E035 /* CFRuntime.h in Headers */ = {isa = PBXBuildFile; fileRef = E172CF6916B19DF800B5E035 /* CFRuntime.h */; };
		E1A4006616439A7900F8AE92 /* VMKBridgeFunctor.m in Sources */ = {isa = PBXBuildFile; fileRef = E1A4FFB51643993300F8AE92 /* VMKBridgeFunctor.m */; };
		E1A4006716439A7900F8AE92 /* VMKBridgeInfo.m in Sources */ = {isa = PBXBuildFile; fileRef = E1A4FFB71643993300F8AE92 /* VMKBridgeInfo.m */; };
		E1A4006816439A7900F8AE92 /* VMKBridgeService.m in Sources */ = {isa = PBXBuildFile; fileRef = E1A4FFB91643993300F8AE92 /* VMKBridgeService.m */; };
		E1A4006916439A7900F8AE92 /* VMKLibraryInformation.m in Sources */ = {isa = PBXBuildFile; fileRef = E1A4FFBC1643993300F8AE92 /* VMKLibraryInformation.m */; };
		E1A4006A16439A7900F8AE92 /* VMKMachineService.m in Sources */ = {isa = PBXBuildFile; fileRef = E1A4FFBE1643993300F8AE92 /* VMKMachineService.m */; };
		E1A4006C16439A7900F8AE92 /* VMKProfile.c in Sources */ = {isa = PBXBuildFile; fileRef = E1A4FFC41643993300F8AE92 /* VMKProfile.c */; };
		E1A4006D16439A7900F8AE92 /* NSArray+VMKIndex.m in Sources */ = {isa = PBXBuildFile; fileRef = E1A4FFC61643993300F8AE92 /* NSArray+VMKIndex.m */; };
		E1A4006E16439A7900F8AE92 /* NSData+Base64.m in Sources */ = {isa = PBXBuildFile; fileRef = E1A4FFC81643993300F8AE92 /* NSData+Base64.m */; };
		E1A4006F16439A7900F8AE92 /* NSDictionary+VMKIndex.m in Sources */ = {isa = PBXBuildFile; fileRef = E1A4FFCA1643993300F8AE92 /* NSDictionary+VMKIndex.m */; };
		E1A4007116439A7900F8AE92 /* NSString+VMKIndex.m in Sources */ = {isa = PBXBuildFile; fileRef = E1A4FFCE1643993300F8AE92 /* NSString+VMKIndex.m */; };
		E1A4007216439A7900F8AE92 /* LuaCGAffineTransform.c in Sources */ = {isa = PBXBuildFile; fileRef = E1A4FFD21643993300F8AE92 /* LuaCGAffineTransform.c */; };
		E1A4007316439A7900F8AE92 /* LuaCGGeometry.m in Sources */ = {isa = PBXBuildFile; fileRef = E1A4FFD41643993300F8AE92 /* LuaCGGeometry.m */; };
		E1A4007416439A7900F8AE92 /* LuaFoundation.m in Sources */ = {isa = PBXBuildFile; fileRef = E1A4FFD71643993300F8AE92 /* LuaFoundation.m */; };
		E1A4007516439A7900F8AE92 /* LuaNSBundle.m in Sources */ = {isa = PBXBuildFile; fileRef = E1A4FFD91643993300F8AE92 /* LuaNSBundle.m */; };
		E1A4007616439A7900F8AE92 /* LuaNSCollection.m in Sources */ = {isa = PBXBuildFile; fileRef = E1A4FFDB1643993300F8AE92 /* LuaNSCollection.m */; };
		E1A4007716439A7900F8AE92 /* LuaNSRange.m in Sources */ = {isa = PBXBuildFile; fileRef = E1A4FFDD1643993300F8AE92 /* LuaNSRange.m */; };
		E1A4007816439A7900F8AE92 /* LuaNSString.c in Sources */ = {isa = PBXBuildFile; fileRef = E1A4FFDF1643993300F8AE92 /* LuaNSString.c */; };
		E1A4007A16439A7900F8AE92 /* LuaCATransform3D.c in Sources */ = {isa = PBXBuildFile; fileRef = E1A4FFE51643993300F8AE92 /* LuaCATransform3D.c */; };
		E1A4007B16439A7900F8AE92 /* VMKFrameworkFunctions.c in Sources */ = {isa = PBXBuildFile; fileRef = E1A4FFE81643993300F8AE92 /* VMKFrameworkFunctions.c */; };
		E1A4008116439A7900F8AE92 /* XMLDocument.m in Sources */ = {isa = PBXBuildFile; fileRef = E1A400101643993300F8AE92 /* XMLDocument.m */; };
		E1A4008216439A7900F8AE92 /* XMLNode.m in Sources */ = {isa = PBXBuildFile; fileRef = E1A400121643993300F8AE92 /* XMLNode.m */; };
		E1A4008316439A7900F8AE92 /* XMLPathProcessor.m in Sources */ = {isa = PBXBuildFile; fileRef = E1A400141643993300F8AE92 /* XMLPathProcessor.m */; };
		E1A4008416439A7900F8AE92 /* VMKObject.m in Sources */ = {isa = PBXBuildFile; fileRef = E1A400171643993300F8AE92 /* VMKObject.m */; };
		E1A4008516439A7900F8AE92 /* VMKAuxiliary.m in Sources */ = {isa = PBXBuildFile; fileRef = E1A400191643993300F8AE92 /* VMKAuxiliary.m */; };
		E1A4008616439A7900F8AE92 /* VMKClass.m in Sources */ = {isa = PBXBuildFile; fileRef = E1A4001C1643993300F8AE92 /* VMKClass.m */; };
		E1A4008716439A7900F8AE92 /* VMKMessage.m in Sources */ = {isa = PBXBuildFile; fileRef = E1A4001E1643993300F8AE92 /* VMKMessage.m */; };
		E1A4008816439A7900F8AE92 /* VMKProperty.m in Sources */ = {isa = PBXBuildFile; fileRef = E1A400211643993300F8AE92 /* VMKProperty.m */; };
		E1A4008916439A7900F8AE92 /* VMKRuntime.m in Sources */ = {isa = PBXBuildFile; fileRef = E1A400231643993300F8AE92 /* VMKRuntime.m */; };
		E1A4008A16439A9F00F8AE92 /* VMKMachineService.h in Headers */ = {isa = PBXBuildFile; fileRef = E1A4FFBD1643993300F8AE92 /* VMKMachineService.h */; settings = {ATTRIBUTES = (Private, ); }; };
		E1A4008C16439A9F00F8AE92 /* VMKAuxiliary.h in Headers */ = {isa = PBXBuildFile; fileRef = E1A400181643993300F8AE92 /* VMKAuxiliary.h */; settings = {ATTRIBUTES = (Private, ); }; };
		E1A4008D16439A9F00F8AE92 /* VMKBase.h in Headers */ = {isa = PBXBuildFile; fileRef = E1A4001A1643993300F8AE92 /* VMKBase.h */; settings = {ATTRIBUTES = (Private, ); }; };
		E1A4008E16439AAF00F8AE92 /* VeritasMachineKit.h in Headers */ = {isa = PBXBuildFile; fileRef = E1A400461643996C00F8AE92 /* VeritasMachineKit.h */; settings = {ATTRIBUTES = (Public, ); }; };
		E1A4008F16439AF100F8AE92 /* VMKMessage.h in Headers */ = {isa = PBXBuildFile; fileRef = E1A4001D1643993300F8AE92 /* VMKMessage.h */; settings = {ATTRIBUTES = (Private, ); }; };
		E1A4009016439B4600F8AE92 /* VMKBridgeFunctor.m in Sources */ = {isa = PBXBuildFile; fileRef = E1A4FFB51643993300F8AE92 /* VMKBridgeFunctor.m */; };
		E1A4009116439B4600F8AE92 /* VMKBridgeInfo.m in Sources */ = {isa = PBXBuildFile; fileRef = E1A4FFB71643993300F8AE92 /* VMKBridgeInfo.m */; };
		E1A4009216439B4600F8AE92 /* VMKBridgeService.m in Sources */ = {isa = PBXBuildFile; fileRef = E1A4FFB91643993300F8AE92 /* VMKBridgeService.m */; };
		E1A4009316439B4600F8AE92 /* VMKLibraryInformation.m in Sources */ = {isa = PBXBuildFile; fileRef = E1A4FFBC1643993300F8AE92 /* VMKLibraryInformation.m */; };
		E1A4009416439B4600F8AE92 /* VMKMachineService.m in Sources */ = {isa = PBXBuildFile; fileRef = E1A4FFBE1643993300F8AE92 /* VMKMachineService.m */; };
		E1A4009616439B4600F8AE92 /* VMKProfile.c in Sources */ = {isa = PBXBuildFile; fileRef = E1A4FFC41643993300F8AE92 /* VMKProfile.c */; };
		E1A4009716439B4600F8AE92 /* NSArray+VMKIndex.m in Sources */ = {isa = PBXBuildFile; fileRef = E1A4FFC61643993300F8AE92 /* NSArray+VMKIndex.m */; };
		E1A4009816439B4600F8AE92 /* NSData+Base64.m in Sources */ = {isa = PBXBuildFile; fileRef = E1A4FFC81643993300F8AE92 /* NSData+Base64.m */; };
		E1A4009916439B4600F8AE92 /* NSDictionary+VMKIndex.m in Sources */ = {isa = PBXBuildFile; fileRef = E1A4FFCA1643993300F8AE92 /* NSDictionary+VMKIndex.m */; };
		E1A4009B16439B4600F8AE92 /* NSString+VMKIndex.m in Sources */ = {isa = PBXBuildFile; fileRef = E1A4FFCE1643993300F8AE92 /* NSString+VMKIndex.m */; };
		E1A4009C16439B4600F8AE92 /* LuaCGAffineTransform.c in Sources */ = {isa = PBXBuildFile; fileRef = E1A4FFD21643993300F8AE92 /* LuaCGAffineTransform.c */; };
		E1A4009D16439B4600F8AE92 /* LuaCGGeometry.m in Sources */ = {isa = PBXBuildFile; fileRef = E1A4FFD41643993300F8AE92 /* LuaCGGeometry.m */; };
		E1A4009E16439B4600F8AE92 /* LuaFoundation.m in Sources */ = {isa = PBXBuildFile; fileRef = E1A4FFD71643993300F8AE92 /* LuaFoundation.m */; };
		E1A4009F16439B4600F8AE92 /* LuaNSBundle.m in Sources */ = {isa = PBXBuildFile; fileRef = E1A4FFD91643993300F8AE92 /* LuaNSBundle.m */; };
		E1A400A016439B4600F8AE92 /* LuaNSCollection.m in Sources */ = {isa = PBXBuildFile; fileRef = E1A4FFDB1643993300F8AE92 /* LuaNSCollection.m */; };
		E1A400A116439B4600F8AE92 /* LuaNSRange.m in Sources */ = {isa = PBXBuildFile; fileRef = E1A4FFDD1643993300F8AE92 /* LuaNSRange.m */; };
		E1A400A216439B4600F8AE92 /* LuaNSString.c in Sources */ = {isa = PBXBuildFile; fileRef = E1A4FFDF1643993300F8AE92 /* LuaNSString.c */; };
		E1A400A416439B4600F8AE92 /* LuaCATransform3D.c in Sources */ = {isa = PBXBuildFile; fileRef = E1A4FFE51643993300F8AE92 /* LuaCATransform3D.c */; };
		E1A400A516439B4600F8AE92 /* VMKFrameworkFunctions.c in Sources */ = {isa = PBXBuildFile; fileRef = E1A4FFE81643993300F8AE92 /* VMKFrameworkFunctions.c */; };
		E1A400A616439B4600F8AE92 /* LuaUIAccessibility.m in Sources */ = {isa = PBXBuildFile; fileRef = E1A4FFEC1643993300F8AE92 /* LuaUIAccessibility.m */; };
		E1A400A716439B4600F8AE92 /* LuaUIGeometry.m in Sources */ = {isa = PBXBuildFile; fileRef = E1A4FFEE1643993300F8AE92 /* LuaUIGeometry.m */; };
		E1A400A816439B4600F8AE92 /* LuaUIGraphics.m in Sources */ = {isa = PBXBuildFile; fileRef = E1A4FFF01643993300F8AE92 /* LuaUIGraphics.m */; };
		E1A400A916439B4600F8AE92 /* LuaUIKit.m in Sources */ = {isa = PBXBuildFile; fileRef = E1A4FFF21643993300F8AE92 /* LuaUIKit.m */; };
		E1A400AA16439B4600F8AE92 /* LuaUIView.m in Sources */ = {isa = PBXBuildFile; fileRef = E1A4FFF41643993300F8AE92 /* LuaUIView.m */; };
		E1A400AB16439B4600F8AE92 /* XMLDocument.m in Sources */ = {isa = PBXBuildFile; fileRef = E1A400101643993300F8AE92 /* XMLDocument.m */; };
		E1A400AC16439B4600F8AE92 /* XMLNode.m in Sources */ = {isa = PBXBuildFile; fileRef = E1A400121643993300F8AE92 /* XMLNode.m */; };
		E1A400AD16439B4600F8AE92 /* XMLPathProcessor.m in Sources */ = {isa = PBXBuildFile; fileRef = E1A400141643993300F8AE92 /* XMLPathProcessor.m */; };
		E1A400AE16439B4600F8AE92 /* VMKObject.m in Sources */ = {isa = PBXBuildFile; fileRef = E1A400171643993300F8AE92 /* VMKObject.m */; };
		E1A400AF16439B4600F8AE92 /* VMKAuxiliary.m in Sources */ = {isa = PBXBuildFile; fileRef = E1A400191643993300F8AE92 /* VMKAuxiliary.m */; };
		E1A400B016439B4600F8AE92 /* VMKClass.m in Sources */ = {isa = PBXBuildFile; fileRef = E1A4001C1643993300F8AE92 /* VMKClass.m */; };
		E1A400B116439B4600F8AE92 /* VMKMessage.m in Sources */ = {isa = PBXBuildFile; fileRef = E1A4001E1643993300F8AE92 /* VMKMessage.m */; };
		E1A400B216439B4600F8AE92 /* VMKProperty.m in Sources */ = {isa = PBXBuildFile; fileRef = E1A400211643993300F8AE92 /* VMKProperty.m */; };
		E1A400B316439B4600F8AE92 /* VMKRuntime.m in Sources */ = {isa = PBXBuildFile; fileRef = E1A400231643993300F8AE92 /* VMKRuntime.m */; };
		E1A400B416439B6900F8AE92 /* VMKMachineService.h in Headers */ = {isa = PBXBuildFile; fileRef = E1A4FFBD1643993300F8AE92 /* VMKMachineService.h */; settings = {ATTRIBUTES = (Private, ); }; };
		E1A400B616439B6900F8AE92 /* VMKAuxiliary.h in Headers */ = {isa = PBXBuildFile; fileRef = E1A400181643993300F8AE92 /* VMKAuxiliary.h */; settings = {ATTRIBUTES = (Private, ); }; };
		E1A400B716439B6900F8AE92 /* VMKBase.h in Headers */ = {isa = PBXBuildFile; fileRef = E1A4001A1643993300F8AE92 /* VMKBase.h */; settings = {ATTRIBUTES = (Private, ); }; };
		E1A400B816439B6900F8AE92 /* VMKMessage.h in Headers */ = {isa = PBXBuildFile; fileRef = E1A4001D1643993300F8AE92 /* VMKMessage.h */; settings = {ATTRIBUTES = (Private, ); }; };
		E1A400B916439B8000F8AE92 /* VeritasMachineKit.h in Headers */ = {isa = PBXBuildFile; fileRef = E1A4005E16439A1D00F8AE92 /* VeritasMachineKit.h */; settings = {ATTRIBUTES = (Public, ); }; };
		E1A400BC16439BEC00F8AE92 /* Cocoa.framework in Frameworks */ = {isa = PBXBuildFile; fileRef = E1A400BA16439BAA00F8AE92 /* Cocoa.framework */; };
		E1AB5B1316AD1277005F4E41 /* VMKClass.h in Headers */ = {isa = PBXBuildFile; fileRef = E1AB5B1216AD1276005F4E41 /* VMKClass.h */; };
		E1AB5B1416AD1277005F4E41 /* VMKClass.h in Headers */ = {isa = PBXBuildFile; fileRef = E1AB5B1216AD1276005F4E41 /* VMKClass.h */; };
		E1D62E7116AE20BF00DE39BF /* LuaKit.framework in Frameworks */ = {isa = PBXBuildFile; fileRef = E1D62E6B16AE20A900DE39BF /* LuaKit.framework */; };
		E1D62E7216AE20C400DE39BF /* LuaKit.framework in Frameworks */ = {isa = PBXBuildFile; fileRef = E1D62E6D16AE20A900DE39BF /* LuaKit.framework */; };
/* End PBXBuildFile section */

/* Begin PBXContainerItemProxy section */
		E14A34FD1643A7BA00B8EB6E /* PBXContainerItemProxy */ = {
			isa = PBXContainerItemProxy;
			containerPortal = 34E8A16714D24C82000F9EB1 /* Project object */;
			proxyType = 1;
			remoteGlobalIDString = E1A4005316439A1C00F8AE92;
			remoteInfo = VeritasMachineKitiOS;
		};
		E1D62E6A16AE20A900DE39BF /* PBXContainerItemProxy */ = {
			isa = PBXContainerItemProxy;
			containerPortal = E1D62E6216AE20A800DE39BF /* LuaKit.xcodeproj */;
			proxyType = 2;
			remoteGlobalIDString = E1A4FE8A1643959600F8AE92;
			remoteInfo = "LuaKit-Mac";
		};
		E1D62E6C16AE20A900DE39BF /* PBXContainerItemProxy */ = {
			isa = PBXContainerItemProxy;
			containerPortal = E1D62E6216AE20A800DE39BF /* LuaKit.xcodeproj */;
			proxyType = 2;
			remoteGlobalIDString = E1A4FEA71643961600F8AE92;
			remoteInfo = "LuaKit-iOS";
		};
		E1D62E6F16AE20B600DE39BF /* PBXContainerItemProxy */ = {
			isa = PBXContainerItemProxy;
			containerPortal = E1D62E6216AE20A800DE39BF /* LuaKit.xcodeproj */;
			proxyType = 1;
			remoteGlobalIDString = E1A4FE891643959600F8AE92;
			remoteInfo = "LuaKit-Mac";
		};
		E1D62E7316AE20CA00DE39BF /* PBXContainerItemProxy */ = {
			isa = PBXContainerItemProxy;
			containerPortal = E1D62E6216AE20A800DE39BF /* LuaKit.xcodeproj */;
			proxyType = 1;
			remoteGlobalIDString = E1A4FEA61643961600F8AE92;
			remoteInfo = "LuaKit-iOS";
		};
/* End PBXContainerItemProxy section */

/* Begin PBXFileReference section */
		E14A34C31643A64F00B8EB6E /* libffi.dylib */ = {isa = PBXFileReference; lastKnownFileType = "compiled.mach-o.dylib"; name = libffi.dylib; path = Platforms/MacOSX.platform/Developer/SDKs/MacOSX10.8.sdk/usr/lib/libffi.dylib; sourceTree = DEVELOPER_DIR; };
		E14A34DE1643A77F00B8EB6E /* VeritasMahineIOSDemo.app */ = {isa = PBXFileReference; explicitFileType = wrapper.application; includeInIndex = 0; path = VeritasMahineIOSDemo.app; sourceTree = BUILT_PRODUCTS_DIR; };
		E14A34E01643A77F00B8EB6E /* UIKit.framework */ = {isa = PBXFileReference; lastKnownFileType = wrapper.framework; name = UIKit.framework; path = System/Library/Frameworks/UIKit.framework; sourceTree = SDKROOT; };
		E14A34E21643A77F00B8EB6E /* Foundation.framework */ = {isa = PBXFileReference; lastKnownFileType = wrapper.framework; name = Foundation.framework; path = System/Library/Frameworks/Foundation.framework; sourceTree = SDKROOT; };
		E14A34E41643A77F00B8EB6E /* CoreGraphics.framework */ = {isa = PBXFileReference; lastKnownFileType = wrapper.framework; name = CoreGraphics.framework; path = System/Library/Frameworks/CoreGraphics.framework; sourceTree = SDKROOT; };
		E14A34E81643A77F00B8EB6E /* VeritasMahineIOSDemo-Info.plist */ = {isa = PBXFileReference; lastKnownFileType = text.plist.xml; path = "VeritasMahineIOSDemo-Info.plist"; sourceTree = "<group>"; };
		E14A34EA1643A77F00B8EB6E /* en */ = {isa = PBXFileReference; lastKnownFileType = text.plist.strings; name = en; path = en.lproj/InfoPlist.strings; sourceTree = "<group>"; };
		E14A34EC1643A77F00B8EB6E /* main.m */ = {isa = PBXFileReference; lastKnownFileType = sourcecode.c.objc; path = main.m; sourceTree = "<group>"; };
		E14A34F21643A77F00B8EB6E /* Default.png */ = {isa = PBXFileReference; lastKnownFileType = image.png; path = Default.png; sourceTree = "<group>"; };
		E14A34F41643A77F00B8EB6E /* Default@2x.png */ = {isa = PBXFileReference; lastKnownFileType = image.png; path = "Default@2x.png"; sourceTree = "<group>"; };
		E14A34F61643A77F00B8EB6E /* Default-568h@2x.png */ = {isa = PBXFileReference; lastKnownFileType = image.png; path = "Default-568h@2x.png"; sourceTree = "<group>"; };
		E14A34FB1643A79D00B8EB6E /* Main.v */ = {isa = PBXFileReference; fileEncoding = 4; lastKnownFileType = text; path = Main.v; sourceTree = "<group>"; };
		E15713A21643A34C00F6EAAB /* UIKit.framework */ = {isa = PBXFileReference; lastKnownFileType = wrapper.framework; name = UIKit.framework; path = System/Library/Frameworks/UIKit.framework; sourceTree = SDKROOT; };
		E15713A41643A39500F6EAAB /* libxml2.2.dylib */ = {isa = PBXFileReference; lastKnownFileType = "compiled.mach-o.dylib"; name = libxml2.2.dylib; path = usr/lib/libxml2.2.dylib; sourceTree = SDKROOT; };
		E15713A61643A40B00F6EAAB /* QuartzCore.framework */ = {isa = PBXFileReference; lastKnownFileType = wrapper.framework; name = QuartzCore.framework; path = System/Library/Frameworks/QuartzCore.framework; sourceTree = SDKROOT; };
		E15713AA1643A47000F6EAAB /* CoreGraphics.framework */ = {isa = PBXFileReference; lastKnownFileType = wrapper.framework; name = CoreGraphics.framework; path = System/Library/Frameworks/CoreGraphics.framework; sourceTree = SDKROOT; };
		E15713AC1643A47900F6EAAB /* OpenGLES.framework */ = {isa = PBXFileReference; lastKnownFileType = wrapper.framework; name = OpenGLES.framework; path = System/Library/Frameworks/OpenGLES.framework; sourceTree = SDKROOT; };
		E15713B61643A5B700F6EAAB /* libxml2.2.dylib */ = {isa = PBXFileReference; lastKnownFileType = "compiled.mach-o.dylib"; name = libxml2.2.dylib; path = Platforms/MacOSX.platform/Developer/SDKs/MacOSX10.8.sdk/usr/lib/libxml2.2.dylib; sourceTree = DEVELOPER_DIR; };
		E15713B81643A5BE00F6EAAB /* CoreGraphics.framework */ = {isa = PBXFileReference; lastKnownFileType = wrapper.framework; name = CoreGraphics.framework; path = Platforms/MacOSX.platform/Developer/SDKs/MacOSX10.8.sdk/System/Library/Frameworks/CoreGraphics.framework; sourceTree = DEVELOPER_DIR; };
		E15713BA1643A5C300F6EAAB /* QuartzCore.framework */ = {isa = PBXFileReference; lastKnownFileType = wrapper.framework; name = QuartzCore.framework; path = Platforms/MacOSX.platform/Developer/SDKs/MacOSX10.8.sdk/System/Library/Frameworks/QuartzCore.framework; sourceTree = DEVELOPER_DIR; };
		E172CF6916B19DF800B5E035 /* CFRuntime.h */ = {isa = PBXFileReference; fileEncoding = 4; lastKnownFileType = sourcecode.c.h; path = CFRuntime.h; sourceTree = "<group>"; };
		E1A400001643993300F8AE92 /* libffi_ios.a */ = {isa = PBXFileReference; lastKnownFileType = archive.ar; path = libffi_ios.a; sourceTree = "<group>"; };
		E1A400011643993300F8AE92 /* LICENSE */ = {isa = PBXFileReference; lastKnownFileType = text; path = LICENSE; sourceTree = "<group>"; };
		E1A400041643993300F8AE92 /* ffi.h */ = {isa = PBXFileReference; lastKnownFileType = sourcecode.c.h; path = ffi.h; sourceTree = "<group>"; };
		E1A400051643993300F8AE92 /* ffi_i386.h */ = {isa = PBXFileReference; lastKnownFileType = sourcecode.c.h; path = ffi_i386.h; sourceTree = "<group>"; };
		E1A400061643993300F8AE92 /* ffi_x86_64.h */ = {isa = PBXFileReference; lastKnownFileType = sourcecode.c.h; path = ffi_x86_64.h; sourceTree = "<group>"; };
		E1A400071643993300F8AE92 /* ffitarget.h */ = {isa = PBXFileReference; lastKnownFileType = sourcecode.c.h; path = ffitarget.h; sourceTree = "<group>"; };
		E1A400081643993300F8AE92 /* ffitarget_i386.h */ = {isa = PBXFileReference; lastKnownFileType = sourcecode.c.h; path = ffitarget_i386.h; sourceTree = "<group>"; };
		E1A400091643993300F8AE92 /* ffitarget_x86_64.h */ = {isa = PBXFileReference; lastKnownFileType = sourcecode.c.h; path = ffitarget_x86_64.h; sourceTree = "<group>"; };
		E1A4000A1643993300F8AE92 /* libffi_OSX.a */ = {isa = PBXFileReference; lastKnownFileType = archive.ar; path = libffi_OSX.a; sourceTree = "<group>"; };
		E1A4000C1643993300F8AE92 /* LuaCParser.lua */ = {isa = PBXFileReference; lastKnownFileType = text; path = LuaCParser.lua; sourceTree = "<group>"; };
		E1A4000D1643993300F8AE92 /* VMKParser.lua */ = {isa = PBXFileReference; lastKnownFileType = text; path = VMKParser.lua; sourceTree = "<group>"; };
		E1A4000F1643993300F8AE92 /* XMLDocument.h */ = {isa = PBXFileReference; lastKnownFileType = sourcecode.c.h; path = XMLDocument.h; sourceTree = "<group>"; };
		E1A400101643993300F8AE92 /* XMLDocument.m */ = {isa = PBXFileReference; lastKnownFileType = sourcecode.c.objc; path = XMLDocument.m; sourceTree = "<group>"; };
		E1A400111643993300F8AE92 /* XMLNode.h */ = {isa = PBXFileReference; lastKnownFileType = sourcecode.c.h; path = XMLNode.h; sourceTree = "<group>"; };
		E1A400121643993300F8AE92 /* XMLNode.m */ = {isa = PBXFileReference; lastKnownFileType = sourcecode.c.objc; path = XMLNode.m; sourceTree = "<group>"; };
		E1A400131643993300F8AE92 /* XMLPathProcessor.h */ = {isa = PBXFileReference; lastKnownFileType = sourcecode.c.h; path = XMLPathProcessor.h; sourceTree = "<group>"; };
		E1A400141643993300F8AE92 /* XMLPathProcessor.m */ = {isa = PBXFileReference; lastKnownFileType = sourcecode.c.objc; path = XMLPathProcessor.m; sourceTree = "<group>"; };
		E1A400161643993300F8AE92 /* VMKObject.h */ = {isa = PBXFileReference; lastKnownFileType = sourcecode.c.h; path = VMKObject.h; sourceTree = "<group>"; };
		E1A400171643993300F8AE92 /* VMKObject.m */ = {isa = PBXFileReference; lastKnownFileType = sourcecode.c.objc; path = VMKObject.m; sourceTree = "<group>"; };
		E1A400181643993300F8AE92 /* VMKAuxiliary.h */ = {isa = PBXFileReference; lastKnownFileType = sourcecode.c.h; path = VMKAuxiliary.h; sourceTree = "<group>"; };
		E1A400191643993300F8AE92 /* VMKAuxiliary.m */ = {isa = PBXFileReference; lastKnownFileType = sourcecode.c.objc; path = VMKAuxiliary.m; sourceTree = "<group>"; };
		E1A4001A1643993300F8AE92 /* VMKBase.h */ = {isa = PBXFileReference; lastKnownFileType = sourcecode.c.h; path = VMKBase.h; sourceTree = "<group>"; };
		E1A4001C1643993300F8AE92 /* VMKClass.m */ = {isa = PBXFileReference; lastKnownFileType = sourcecode.c.objc; path = VMKClass.m; sourceTree = "<group>"; };
		E1A4001D1643993300F8AE92 /* VMKMessage.h */ = {isa = PBXFileReference; lastKnownFileType = sourcecode.c.h; path = VMKMessage.h; sourceTree = "<group>"; };
		E1A4001E1643993300F8AE92 /* VMKMessage.m */ = {isa = PBXFileReference; lastKnownFileType = sourcecode.c.objc; path = VMKMessage.m; sourceTree = "<group>"; };
		E1A4001F1643993300F8AE92 /* VMKParser.h */ = {isa = PBXFileReference; lastKnownFileType = sourcecode.c.h; path = VMKParser.h; sourceTree = "<group>"; };
		E1A400201643993300F8AE92 /* VMKProperty.h */ = {isa = PBXFileReference; lastKnownFileType = sourcecode.c.h; path = VMKProperty.h; sourceTree = "<group>"; };
		E1A400211643993300F8AE92 /* VMKProperty.m */ = {isa = PBXFileReference; lastKnownFileType = sourcecode.c.objc; path = VMKProperty.m; sourceTree = "<group>"; };
		E1A400221643993300F8AE92 /* VMKRuntime.h */ = {isa = PBXFileReference; lastKnownFileType = sourcecode.c.h; path = VMKRuntime.h; sourceTree = "<group>"; };
		E1A400231643993300F8AE92 /* VMKRuntime.m */ = {isa = PBXFileReference; lastKnownFileType = sourcecode.c.objc; path = VMKRuntime.m; sourceTree = "<group>"; };
		E1A400251643993300F8AE92 /* VMK-LICENSE */ = {isa = PBXFileReference; lastKnownFileType = text; path = "VMK-LICENSE"; sourceTree = "<group>"; };
		E1A400371643996C00F8AE92 /* VeritasMachineKit.framework */ = {isa = PBXFileReference; explicitFileType = wrapper.framework; includeInIndex = 0; path = VeritasMachineKit.framework; sourceTree = BUILT_PRODUCTS_DIR; };
		E1A400411643996C00F8AE92 /* VeritasMachineKit-Info.plist */ = {isa = PBXFileReference; lastKnownFileType = text.plist.xml; name = "VeritasMachineKit-Info.plist"; path = "VeritasMachineKit/VeritasMachineKit-Info.plist"; sourceTree = SOURCE_ROOT; };
		E1A400451643996C00F8AE92 /* VeritasMachineKit-Prefix.pch */ = {isa = PBXFileReference; lastKnownFileType = sourcecode.c.h; name = "VeritasMachineKit-Prefix.pch"; path = "VeritasMachineKit/VeritasMachineKit-Prefix.pch"; sourceTree = SOURCE_ROOT; };
		E1A400461643996C00F8AE92 /* VeritasMachineKit.h */ = {isa = PBXFileReference; lastKnownFileType = sourcecode.c.h; name = VeritasMachineKit.h; path = VeritasMachineKit/VeritasMachineKit.h; sourceTree = SOURCE_ROOT; };
		E1A4005416439A1D00F8AE92 /* VeritasMachineKit.framework */ = {isa = PBXFileReference; explicitFileType = wrapper.framework; includeInIndex = 0; path = VeritasMachineKit.framework; sourceTree = BUILT_PRODUCTS_DIR; };
		E1A4005916439A1D00F8AE92 /* VeritasMachineKitiOS-Info.plist */ = {isa = PBXFileReference; lastKnownFileType = text.plist.xml; path = "VeritasMachineKitiOS-Info.plist"; sourceTree = "<group>"; };
		E1A4005D16439A1D00F8AE92 /* VeritasMachineKitiOS-Prefix.pch */ = {isa = PBXFileReference; lastKnownFileType = sourcecode.c.h; path = "VeritasMachineKitiOS-Prefix.pch"; sourceTree = "<group>"; };
		E1A4005E16439A1D00F8AE92 /* VeritasMachineKit.h */ = {isa = PBXFileReference; lastKnownFileType = sourcecode.c.h; path = VeritasMachineKit.h; sourceTree = "<group>"; };
		E1A400BA16439BAA00F8AE92 /* Cocoa.framework */ = {isa = PBXFileReference; lastKnownFileType = wrapper.framework; name = Cocoa.framework; path = Platforms/MacOSX.platform/Developer/SDKs/MacOSX10.8.sdk/System/Library/Frameworks/Cocoa.framework; sourceTree = DEVELOPER_DIR; };
		E1A4FF8C1643993300F8AE92 /* Accelerate.bridgesupport */ = {isa = PBXFileReference; lastKnownFileType = text.xml; path = Accelerate.bridgesupport; sourceTree = "<group>"; };
		E1A4FF8D1643993300F8AE92 /* Accounts.bridgesupport */ = {isa = PBXFileReference; lastKnownFileType = text.xml; path = Accounts.bridgesupport; sourceTree = "<group>"; };
		E1A4FF8E1643993300F8AE92 /* AddressBook.bridgesupport */ = {isa = PBXFileReference; lastKnownFileType = text.xml; path = AddressBook.bridgesupport; sourceTree = "<group>"; };
		E1A4FF8F1643993300F8AE92 /* AddressBookUI.bridgesupport */ = {isa = PBXFileReference; lastKnownFileType = text.xml; path = AddressBookUI.bridgesupport; sourceTree = "<group>"; };
		E1A4FF901643993300F8AE92 /* AssetsLibrary.bridgesupport */ = {isa = PBXFileReference; lastKnownFileType = text.xml; path = AssetsLibrary.bridgesupport; sourceTree = "<group>"; };
		E1A4FF911643993300F8AE92 /* AudioToolbox.bridgesupport */ = {isa = PBXFileReference; lastKnownFileType = text.xml; path = AudioToolbox.bridgesupport; sourceTree = "<group>"; };
		E1A4FF921643993300F8AE92 /* AudioUnit.bridgesupport */ = {isa = PBXFileReference; lastKnownFileType = text.xml; path = AudioUnit.bridgesupport; sourceTree = "<group>"; };
		E1A4FF931643993300F8AE92 /* AVFoundation.bridgesupport */ = {isa = PBXFileReference; lastKnownFileType = text.xml; path = AVFoundation.bridgesupport; sourceTree = "<group>"; };
		E1A4FF941643993300F8AE92 /* CoreAudio.bridgesupport */ = {isa = PBXFileReference; lastKnownFileType = text.xml; path = CoreAudio.bridgesupport; sourceTree = "<group>"; };
		E1A4FF951643993300F8AE92 /* CoreBluetooth.bridgesupport */ = {isa = PBXFileReference; lastKnownFileType = text.xml; path = CoreBluetooth.bridgesupport; sourceTree = "<group>"; };
		E1A4FF961643993300F8AE92 /* CoreData.bridgesupport */ = {isa = PBXFileReference; lastKnownFileType = text.xml; path = CoreData.bridgesupport; sourceTree = "<group>"; };
		E1A4FF971643993300F8AE92 /* CoreFoundation.bridgesupport */ = {isa = PBXFileReference; lastKnownFileType = text.xml; path = CoreFoundation.bridgesupport; sourceTree = "<group>"; };
		E1A4FF981643993300F8AE92 /* CoreImage.bridgesupport */ = {isa = PBXFileReference; lastKnownFileType = text.xml; path = CoreImage.bridgesupport; sourceTree = "<group>"; };
		E1A4FF991643993300F8AE92 /* CoreLocation.bridgesupport */ = {isa = PBXFileReference; lastKnownFileType = text.xml; path = CoreLocation.bridgesupport; sourceTree = "<group>"; };
		E1A4FF9A1643993300F8AE92 /* CoreMedia.bridgesupport */ = {isa = PBXFileReference; lastKnownFileType = text.xml; path = CoreMedia.bridgesupport; sourceTree = "<group>"; };
		E1A4FF9B1643993300F8AE92 /* CoreMIDI.bridgesupport */ = {isa = PBXFileReference; lastKnownFileType = text.xml; path = CoreMIDI.bridgesupport; sourceTree = "<group>"; };
		E1A4FF9C1643993300F8AE92 /* CoreMotion.bridgesupport */ = {isa = PBXFileReference; lastKnownFileType = text.xml; path = CoreMotion.bridgesupport; sourceTree = "<group>"; };
		E1A4FF9D1643993300F8AE92 /* CoreTelephony.bridgesupport */ = {isa = PBXFileReference; lastKnownFileType = text.xml; path = CoreTelephony.bridgesupport; sourceTree = "<group>"; };
		E1A4FF9E1643993300F8AE92 /* CoreVideo.bridgesupport */ = {isa = PBXFileReference; lastKnownFileType = text.xml; path = CoreVideo.bridgesupport; sourceTree = "<group>"; };
		E1A4FF9F1643993300F8AE92 /* EventKit.bridgesupport */ = {isa = PBXFileReference; lastKnownFileType = text.xml; path = EventKit.bridgesupport; sourceTree = "<group>"; };
		E1A4FFA01643993300F8AE92 /* EventKitUI.bridgesupport */ = {isa = PBXFileReference; lastKnownFileType = text.xml; path = EventKitUI.bridgesupport; sourceTree = "<group>"; };
		E1A4FFA11643993300F8AE92 /* ExternalAccessory.bridgesupport */ = {isa = PBXFileReference; lastKnownFileType = text.xml; path = ExternalAccessory.bridgesupport; sourceTree = "<group>"; };
		E1A4FFA21643993300F8AE92 /* Foundation.bridgesupport */ = {isa = PBXFileReference; lastKnownFileType = text.xml; path = Foundation.bridgesupport; sourceTree = "<group>"; };
		E1A4FFA31643993300F8AE92 /* GameKit.bridgesupport */ = {isa = PBXFileReference; lastKnownFileType = text.xml; path = GameKit.bridgesupport; sourceTree = "<group>"; };
		E1A4FFA41643993300F8AE92 /* GSS.bridgesupport */ = {isa = PBXFileReference; lastKnownFileType = text.xml; path = GSS.bridgesupport; sourceTree = "<group>"; };
		E1A4FFA51643993300F8AE92 /* iAd.bridgesupport */ = {isa = PBXFileReference; lastKnownFileType = text.xml; path = iAd.bridgesupport; sourceTree = "<group>"; };
		E1A4FFA61643993300F8AE92 /* MapKit.bridgesupport */ = {isa = PBXFileReference; lastKnownFileType = text.xml; path = MapKit.bridgesupport; sourceTree = "<group>"; };
		E1A4FFA71643993300F8AE92 /* MediaPlayer.bridgesupport */ = {isa = PBXFileReference; lastKnownFileType = text.xml; path = MediaPlayer.bridgesupport; sourceTree = "<group>"; };
		E1A4FFA81643993300F8AE92 /* MessageUI.bridgesupport */ = {isa = PBXFileReference; lastKnownFileType = text.xml; path = MessageUI.bridgesupport; sourceTree = "<group>"; };
		E1A4FFA91643993300F8AE92 /* MobileCoreServices.bridgesupport */ = {isa = PBXFileReference; lastKnownFileType = text.xml; path = MobileCoreServices.bridgesupport; sourceTree = "<group>"; };
		E1A4FFAA1643993300F8AE92 /* NewsstandKit.bridgesupport */ = {isa = PBXFileReference; lastKnownFileType = text.xml; path = NewsstandKit.bridgesupport; sourceTree = "<group>"; };
		E1A4FFAB1643993300F8AE92 /* OpenAL.bridgesupport */ = {isa = PBXFileReference; lastKnownFileType = text.xml; path = OpenAL.bridgesupport; sourceTree = "<group>"; };
		E1A4FFAC1643993300F8AE92 /* OpenGLES.bridgesupport */ = {isa = PBXFileReference; lastKnownFileType = text.xml; path = OpenGLES.bridgesupport; sourceTree = "<group>"; };
		E1A4FFAD1643993300F8AE92 /* QuartzCore.bridgesupport */ = {isa = PBXFileReference; lastKnownFileType = text.xml; path = QuartzCore.bridgesupport; sourceTree = "<group>"; };
		E1A4FFAE1643993300F8AE92 /* QuickLook.bridgesupport */ = {isa = PBXFileReference; lastKnownFileType = text.xml; path = QuickLook.bridgesupport; sourceTree = "<group>"; };
		E1A4FFAF1643993300F8AE92 /* Security.bridgesupport */ = {isa = PBXFileReference; lastKnownFileType = text.xml; path = Security.bridgesupport; sourceTree = "<group>"; };
		E1A4FFB01643993300F8AE92 /* StoreKit.bridgesupport */ = {isa = PBXFileReference; lastKnownFileType = text.xml; path = StoreKit.bridgesupport; sourceTree = "<group>"; };
		E1A4FFB11643993300F8AE92 /* SystemConfiguration.bridgesupport */ = {isa = PBXFileReference; lastKnownFileType = text.xml; path = SystemConfiguration.bridgesupport; sourceTree = "<group>"; };
		E1A4FFB21643993300F8AE92 /* Twitter.bridgesupport */ = {isa = PBXFileReference; lastKnownFileType = text.xml; path = Twitter.bridgesupport; sourceTree = "<group>"; };
		E1A4FFB31643993300F8AE92 /* UIKit.bridgesupport */ = {isa = PBXFileReference; lastKnownFileType = text.xml; path = UIKit.bridgesupport; sourceTree = "<group>"; };
		E1A4FFB41643993300F8AE92 /* VMKBridgeFunctor.h */ = {isa = PBXFileReference; lastKnownFileType = sourcecode.c.h; path = VMKBridgeFunctor.h; sourceTree = "<group>"; };
		E1A4FFB51643993300F8AE92 /* VMKBridgeFunctor.m */ = {isa = PBXFileReference; lastKnownFileType = sourcecode.c.objc; path = VMKBridgeFunctor.m; sourceTree = "<group>"; };
		E1A4FFB61643993300F8AE92 /* VMKBridgeInfo.h */ = {isa = PBXFileReference; lastKnownFileType = sourcecode.c.h; path = VMKBridgeInfo.h; sourceTree = "<group>"; };
		E1A4FFB71643993300F8AE92 /* VMKBridgeInfo.m */ = {isa = PBXFileReference; lastKnownFileType = sourcecode.c.objc; path = VMKBridgeInfo.m; sourceTree = "<group>"; };
		E1A4FFB81643993300F8AE92 /* VMKBridgeService.h */ = {isa = PBXFileReference; lastKnownFileType = sourcecode.c.h; path = VMKBridgeService.h; sourceTree = "<group>"; };
		E1A4FFB91643993300F8AE92 /* VMKBridgeService.m */ = {isa = PBXFileReference; lastKnownFileType = sourcecode.c.objc; path = VMKBridgeService.m; sourceTree = "<group>"; };
		E1A4FFBB1643993300F8AE92 /* VMKLibraryInformation.h */ = {isa = PBXFileReference; lastKnownFileType = sourcecode.c.h; path = VMKLibraryInformation.h; sourceTree = "<group>"; };
		E1A4FFBC1643993300F8AE92 /* VMKLibraryInformation.m */ = {isa = PBXFileReference; lastKnownFileType = sourcecode.c.objc; path = VMKLibraryInformation.m; sourceTree = "<group>"; };
		E1A4FFBD1643993300F8AE92 /* VMKMachineService.h */ = {isa = PBXFileReference; lastKnownFileType = sourcecode.c.h; path = VMKMachineService.h; sourceTree = "<group>"; };
		E1A4FFBE1643993300F8AE92 /* VMKMachineService.m */ = {isa = PBXFileReference; lastKnownFileType = sourcecode.c.objc; path = VMKMachineService.m; sourceTree = "<group>"; };
		E1A4FFC21643993300F8AE92 /* VMKIndexing.h */ = {isa = PBXFileReference; lastKnownFileType = sourcecode.c.h; path = VMKIndexing.h; sourceTree = "<group>"; };
		E1A4FFC31643993300F8AE92 /* VMKProfile.h */ = {isa = PBXFileReference; lastKnownFileType = sourcecode.c.h; path = VMKProfile.h; sourceTree = "<group>"; };
		E1A4FFC41643993300F8AE92 /* VMKProfile.c */ = {isa = PBXFileReference; lastKnownFileType = sourcecode.c.c; path = VMKProfile.c; sourceTree = "<group>"; };
		E1A4FFC51643993300F8AE92 /* NSArray+VMKIndex.h */ = {isa = PBXFileReference; lastKnownFileType = sourcecode.c.h; path = "NSArray+VMKIndex.h"; sourceTree = "<group>"; };
		E1A4FFC61643993300F8AE92 /* NSArray+VMKIndex.m */ = {isa = PBXFileReference; lastKnownFileType = sourcecode.c.objc; path = "NSArray+VMKIndex.m"; sourceTree = "<group>"; };
		E1A4FFC71643993300F8AE92 /* NSData+Base64.h */ = {isa = PBXFileReference; lastKnownFileType = sourcecode.c.h; path = "NSData+Base64.h"; sourceTree = "<group>"; };
		E1A4FFC81643993300F8AE92 /* NSData+Base64.m */ = {isa = PBXFileReference; lastKnownFileType = sourcecode.c.objc; path = "NSData+Base64.m"; sourceTree = "<group>"; };
		E1A4FFC91643993300F8AE92 /* NSDictionary+VMKIndex.h */ = {isa = PBXFileReference; lastKnownFileType = sourcecode.c.h; path = "NSDictionary+VMKIndex.h"; sourceTree = "<group>"; };
		E1A4FFCA1643993300F8AE92 /* NSDictionary+VMKIndex.m */ = {isa = PBXFileReference; lastKnownFileType = sourcecode.c.objc; path = "NSDictionary+VMKIndex.m"; sourceTree = "<group>"; };
		E1A4FFCD1643993300F8AE92 /* NSString+VMKIndex.h */ = {isa = PBXFileReference; lastKnownFileType = sourcecode.c.h; path = "NSString+VMKIndex.h"; sourceTree = "<group>"; };
		E1A4FFCE1643993300F8AE92 /* NSString+VMKIndex.m */ = {isa = PBXFileReference; lastKnownFileType = sourcecode.c.objc; path = "NSString+VMKIndex.m"; sourceTree = "<group>"; };
		E1A4FFD11643993300F8AE92 /* LuaCGAffineTransform.h */ = {isa = PBXFileReference; lastKnownFileType = sourcecode.c.h; path = LuaCGAffineTransform.h; sourceTree = "<group>"; };
		E1A4FFD21643993300F8AE92 /* LuaCGAffineTransform.c */ = {isa = PBXFileReference; lastKnownFileType = sourcecode.c.c; path = LuaCGAffineTransform.c; sourceTree = "<group>"; };
		E1A4FFD31643993300F8AE92 /* LuaCGGeometry.h */ = {isa = PBXFileReference; lastKnownFileType = sourcecode.c.h; path = LuaCGGeometry.h; sourceTree = "<group>"; };
		E1A4FFD41643993300F8AE92 /* LuaCGGeometry.m */ = {isa = PBXFileReference; lastKnownFileType = sourcecode.c.objc; path = LuaCGGeometry.m; sourceTree = "<group>"; };
		E1A4FFD61643993300F8AE92 /* LuaFoundation.h */ = {isa = PBXFileReference; lastKnownFileType = sourcecode.c.h; path = LuaFoundation.h; sourceTree = "<group>"; };
		E1A4FFD71643993300F8AE92 /* LuaFoundation.m */ = {isa = PBXFileReference; lastKnownFileType = sourcecode.c.objc; path = LuaFoundation.m; sourceTree = "<group>"; };
		E1A4FFD81643993300F8AE92 /* LuaNSBundle.h */ = {isa = PBXFileReference; lastKnownFileType = sourcecode.c.h; path = LuaNSBundle.h; sourceTree = "<group>"; };
		E1A4FFD91643993300F8AE92 /* LuaNSBundle.m */ = {isa = PBXFileReference; lastKnownFileType = sourcecode.c.objc; path = LuaNSBundle.m; sourceTree = "<group>"; };
		E1A4FFDA1643993300F8AE92 /* LuaNSCollection.h */ = {isa = PBXFileReference; lastKnownFileType = sourcecode.c.h; path = LuaNSCollection.h; sourceTree = "<group>"; };
		E1A4FFDB1643993300F8AE92 /* LuaNSCollection.m */ = {isa = PBXFileReference; lastKnownFileType = sourcecode.c.objc; path = LuaNSCollection.m; sourceTree = "<group>"; };
		E1A4FFDC1643993300F8AE92 /* LuaNSRange.h */ = {isa = PBXFileReference; lastKnownFileType = sourcecode.c.h; path = LuaNSRange.h; sourceTree = "<group>"; };
		E1A4FFDD1643993300F8AE92 /* LuaNSRange.m */ = {isa = PBXFileReference; lastKnownFileType = sourcecode.c.objc; path = LuaNSRange.m; sourceTree = "<group>"; };
		E1A4FFDE1643993300F8AE92 /* LuaNSString.h */ = {isa = PBXFileReference; lastKnownFileType = sourcecode.c.h; path = LuaNSString.h; sourceTree = "<group>"; };
		E1A4FFDF1643993300F8AE92 /* LuaNSString.c */ = {isa = PBXFileReference; lastKnownFileType = sourcecode.c.c; path = LuaNSString.c; sourceTree = "<group>"; };
		E1A4FFE41643993300F8AE92 /* LuaCATransform3D.h */ = {isa = PBXFileReference; lastKnownFileType = sourcecode.c.h; path = LuaCATransform3D.h; sourceTree = "<group>"; };
		E1A4FFE51643993300F8AE92 /* LuaCATransform3D.c */ = {isa = PBXFileReference; lastKnownFileType = sourcecode.c.c; path = LuaCATransform3D.c; sourceTree = "<group>"; };
		E1A4FFE71643993300F8AE92 /* VMKFrameworkFunctions.h */ = {isa = PBXFileReference; lastKnownFileType = sourcecode.c.h; path = VMKFrameworkFunctions.h; sourceTree = "<group>"; };
		E1A4FFE81643993300F8AE92 /* VMKFrameworkFunctions.c */ = {isa = PBXFileReference; lastKnownFileType = sourcecode.c.c; path = VMKFrameworkFunctions.c; sourceTree = "<group>"; };
		E1A4FFE91643993300F8AE92 /* VMKStructs.h */ = {isa = PBXFileReference; lastKnownFileType = sourcecode.c.h; path = VMKStructs.h; sourceTree = "<group>"; };
		E1A4FFEB1643993300F8AE92 /* LuaUIAccessibility.h */ = {isa = PBXFileReference; lastKnownFileType = sourcecode.c.h; path = LuaUIAccessibility.h; sourceTree = "<group>"; };
		E1A4FFEC1643993300F8AE92 /* LuaUIAccessibility.m */ = {isa = PBXFileReference; lastKnownFileType = sourcecode.c.objc; path = LuaUIAccessibility.m; sourceTree = "<group>"; };
		E1A4FFED1643993300F8AE92 /* LuaUIGeometry.h */ = {isa = PBXFileReference; lastKnownFileType = sourcecode.c.h; path = LuaUIGeometry.h; sourceTree = "<group>"; };
		E1A4FFEE1643993300F8AE92 /* LuaUIGeometry.m */ = {isa = PBXFileReference; lastKnownFileType = sourcecode.c.objc; path = LuaUIGeometry.m; sourceTree = "<group>"; };
		E1A4FFEF1643993300F8AE92 /* LuaUIGraphics.h */ = {isa = PBXFileReference; lastKnownFileType = sourcecode.c.h; path = LuaUIGraphics.h; sourceTree = "<group>"; };
		E1A4FFF01643993300F8AE92 /* LuaUIGraphics.m */ = {isa = PBXFileReference; lastKnownFileType = sourcecode.c.objc; path = LuaUIGraphics.m; sourceTree = "<group>"; };
		E1A4FFF11643993300F8AE92 /* LuaUIKit.h */ = {isa = PBXFileReference; lastKnownFileType = sourcecode.c.h; path = LuaUIKit.h; sourceTree = "<group>"; };
		E1A4FFF21643993300F8AE92 /* LuaUIKit.m */ = {isa = PBXFileReference; lastKnownFileType = sourcecode.c.objc; path = LuaUIKit.m; sourceTree = "<group>"; };
		E1A4FFF31643993300F8AE92 /* LuaUIView.h */ = {isa = PBXFileReference; lastKnownFileType = sourcecode.c.h; path = LuaUIView.h; sourceTree = "<group>"; };
		E1A4FFF41643993300F8AE92 /* LuaUIView.m */ = {isa = PBXFileReference; lastKnownFileType = sourcecode.c.objc; path = LuaUIView.m; sourceTree = "<group>"; };
		E1A4FFF91643993300F8AE92 /* ffi.h */ = {isa = PBXFileReference; lastKnownFileType = sourcecode.c.h; path = ffi.h; sourceTree = "<group>"; };
		E1A4FFFA1643993300F8AE92 /* ffi_armv7.h */ = {isa = PBXFileReference; lastKnownFileType = sourcecode.c.h; path = ffi_armv7.h; sourceTree = "<group>"; };
		E1A4FFFB1643993300F8AE92 /* ffi_i386.h */ = {isa = PBXFileReference; lastKnownFileType = sourcecode.c.h; path = ffi_i386.h; sourceTree = "<group>"; };
		E1A4FFFC1643993300F8AE92 /* ffitarget.h */ = {isa = PBXFileReference; lastKnownFileType = sourcecode.c.h; path = ffitarget.h; sourceTree = "<group>"; };
		E1A4FFFD1643993300F8AE92 /* ffitarget_arm.h */ = {isa = PBXFileReference; lastKnownFileType = sourcecode.c.h; path = ffitarget_arm.h; sourceTree = "<group>"; };
		E1A4FFFE1643993300F8AE92 /* ffitarget_armv7.h */ = {isa = PBXFileReference; lastKnownFileType = sourcecode.c.h; path = ffitarget_armv7.h; sourceTree = "<group>"; };
		E1A4FFFF1643993300F8AE92 /* ffitarget_i386.h */ = {isa = PBXFileReference; lastKnownFileType = sourcecode.c.h; path = ffitarget_i386.h; sourceTree = "<group>"; };
		E1AB5B1216AD1276005F4E41 /* VMKClass.h */ = {isa = PBXFileReference; fileEncoding = 4; lastKnownFileType = sourcecode.c.h; path = VMKClass.h; sourceTree = "<group>"; };
		E1D62E6216AE20A800DE39BF /* LuaKit.xcodeproj */ = {isa = PBXFileReference; lastKnownFileType = "wrapper.pb-project"; name = LuaKit.xcodeproj; path = LuaKit/LuaKit.xcodeproj; sourceTree = "<group>"; };
/* End PBXFileReference section */

/* Begin PBXFrameworksBuildPhase section */
		E14A34DB1643A77F00B8EB6E /* Frameworks */ = {
			isa = PBXFrameworksBuildPhase;
			buildActionMask = 2147483647;
			files = (
				E14A35291643A86500B8EB6E /* VeritasMachineKit.framework in Frameworks */,
				E14A34E11643A77F00B8EB6E /* UIKit.framework in Frameworks */,
				E14A34E31643A77F00B8EB6E /* Foundation.framework in Frameworks */,
				E14A34E51643A77F00B8EB6E /* CoreGraphics.framework in Frameworks */,
			);
			runOnlyForDeploymentPostprocessing = 0;
		};
		E1A400331643996C00F8AE92 /* Frameworks */ = {
			isa = PBXFrameworksBuildPhase;
			buildActionMask = 2147483647;
			files = (
				E1D62E7116AE20BF00DE39BF /* LuaKit.framework in Frameworks */,
				E14A34C41643A64F00B8EB6E /* libffi.dylib in Frameworks */,
				E15713BB1643A5C300F6EAAB /* QuartzCore.framework in Frameworks */,
				E15713B91643A5BE00F6EAAB /* CoreGraphics.framework in Frameworks */,
				E15713B71643A5B700F6EAAB /* libxml2.2.dylib in Frameworks */,
				E1A400BC16439BEC00F8AE92 /* Cocoa.framework in Frameworks */,
			);
			runOnlyForDeploymentPostprocessing = 0;
		};
		E1A4005016439A1C00F8AE92 /* Frameworks */ = {
			isa = PBXFrameworksBuildPhase;
			buildActionMask = 2147483647;
			files = (
				E1D62E7216AE20C400DE39BF /* LuaKit.framework in Frameworks */,
				E15713AD1643A47900F6EAAB /* OpenGLES.framework in Frameworks */,
				E15713AB1643A47000F6EAAB /* CoreGraphics.framework in Frameworks */,
				E15713A91643A45A00F6EAAB /* libffi_ios.a in Frameworks */,
				E15713A71643A40B00F6EAAB /* QuartzCore.framework in Frameworks */,
				E15713A51643A39500F6EAAB /* libxml2.2.dylib in Frameworks */,
				E15713A31643A34C00F6EAAB /* UIKit.framework in Frameworks */,
			);
			runOnlyForDeploymentPostprocessing = 0;
		};
/* End PBXFrameworksBuildPhase section */

/* Begin PBXGroup section */
		34E8A16514D24C82000F9EB1 = {
			isa = PBXGroup;
			children = (
				E1D62E6216AE20A800DE39BF /* LuaKit.xcodeproj */,
				E1A4FF891643993300F8AE92 /* Source */,
				E1A4003F1643996C00F8AE92 /* VeritasMachineKit */,
				E1A4005716439A1D00F8AE92 /* VeritasMachineKitiOS */,
				E14A34E61643A77F00B8EB6E /* VeritasMahineIOSDemo */,
				E1A400381643996C00F8AE92 /* Frameworks */,
				E1A4004C164399BF00F8AE92 /* Products */,
				E1A4005416439A1D00F8AE92 /* VeritasMachineKit.framework */,
				E14A34DE1643A77F00B8EB6E /* VeritasMahineIOSDemo.app */,
			);
			sourceTree = "<group>";
		};
		E14A34E61643A77F00B8EB6E /* VeritasMahineIOSDemo */ = {
			isa = PBXGroup;
			children = (
				E14A34E71643A77F00B8EB6E /* Supporting Files */,
			);
			path = VeritasMahineIOSDemo;
			sourceTree = "<group>";
		};
		E14A34E71643A77F00B8EB6E /* Supporting Files */ = {
			isa = PBXGroup;
			children = (
				E14A34FB1643A79D00B8EB6E /* Main.v */,
				E14A34E81643A77F00B8EB6E /* VeritasMahineIOSDemo-Info.plist */,
				E14A34E91643A77F00B8EB6E /* InfoPlist.strings */,
				E14A34EC1643A77F00B8EB6E /* main.m */,
				E14A34F21643A77F00B8EB6E /* Default.png */,
				E14A34F41643A77F00B8EB6E /* Default@2x.png */,
				E14A34F61643A77F00B8EB6E /* Default-568h@2x.png */,
			);
			name = "Supporting Files";
			sourceTree = "<group>";
		};
		E1A400021643993300F8AE92 /* MacOSX */ = {
			isa = PBXGroup;
			children = (
				E1A400031643993300F8AE92 /* include */,
				E1A4000A1643993300F8AE92 /* libffi_OSX.a */,
			);
			path = MacOSX;
			sourceTree = "<group>";
		};
		E1A400031643993300F8AE92 /* include */ = {
			isa = PBXGroup;
			children = (
				E1A400041643993300F8AE92 /* ffi.h */,
				E1A400051643993300F8AE92 /* ffi_i386.h */,
				E1A400061643993300F8AE92 /* ffi_x86_64.h */,
				E1A400071643993300F8AE92 /* ffitarget.h */,
				E1A400081643993300F8AE92 /* ffitarget_i386.h */,
				E1A400091643993300F8AE92 /* ffitarget_x86_64.h */,
			);
			path = include;
			sourceTree = "<group>";
		};
		E1A4000B1643993300F8AE92 /* Objective-Lua */ = {
			isa = PBXGroup;
			children = (
				E1A4000C1643993300F8AE92 /* LuaCParser.lua */,
				E1A4000D1643993300F8AE92 /* VMKParser.lua */,
			);
			path = "Objective-Lua";
			sourceTree = "<group>";
		};
		E1A4000E1643993300F8AE92 /* XML */ = {
			isa = PBXGroup;
			children = (
				E1A4000F1643993300F8AE92 /* XMLDocument.h */,
				E1A400101643993300F8AE92 /* XMLDocument.m */,
				E1A400111643993300F8AE92 /* XMLNode.h */,
				E1A400121643993300F8AE92 /* XMLNode.m */,
				E1A400131643993300F8AE92 /* XMLPathProcessor.h */,
				E1A400141643993300F8AE92 /* XMLPathProcessor.m */,
			);
			path = XML;
			sourceTree = "<group>";
		};
		E1A400151643993300F8AE92 /* Runtime */ = {
			isa = PBXGroup;
			children = (
				E172CF6916B19DF800B5E035 /* CFRuntime.h */,
				E1A400161643993300F8AE92 /* VMKObject.h */,
				E1A400171643993300F8AE92 /* VMKObject.m */,
				E1A400181643993300F8AE92 /* VMKAuxiliary.h */,
				E1A400191643993300F8AE92 /* VMKAuxiliary.m */,
				E1A4001A1643993300F8AE92 /* VMKBase.h */,
				E1AB5B1216AD1276005F4E41 /* VMKClass.h */,
				E1A4001C1643993300F8AE92 /* VMKClass.m */,
				E1A4001D1643993300F8AE92 /* VMKMessage.h */,
				E1A4001E1643993300F8AE92 /* VMKMessage.m */,
				E1A4001F1643993300F8AE92 /* VMKParser.h */,
				E1A400201643993300F8AE92 /* VMKProperty.h */,
				E1A400211643993300F8AE92 /* VMKProperty.m */,
				E1A400221643993300F8AE92 /* VMKRuntime.h */,
				E1A400231643993300F8AE92 /* VMKRuntime.m */,
			);
			path = Runtime;
			sourceTree = "<group>";
		};
		E1A400241643993300F8AE92 /* Shared */ = {
			isa = PBXGroup;
			children = (
				E1A400251643993300F8AE92 /* VMK-LICENSE */,
			);
			path = Shared;
			sourceTree = "<group>";
		};
		E1A400381643996C00F8AE92 /* Frameworks */ = {
			isa = PBXGroup;
			children = (
				E1A400BA16439BAA00F8AE92 /* Cocoa.framework */,
				E14A34E01643A77F00B8EB6E /* UIKit.framework */,
				E14A34E21643A77F00B8EB6E /* Foundation.framework */,
				E14A34E41643A77F00B8EB6E /* CoreGraphics.framework */,
			);
			name = Frameworks;
			sourceTree = "<group>";
		};
		E1A4003F1643996C00F8AE92 /* VeritasMachineKit */ = {
			isa = PBXGroup;
			children = (
				E1A400461643996C00F8AE92 /* VeritasMachineKit.h */,
				E1A400401643996C00F8AE92 /* Supporting Files */,
			);
			path = VeritasMachineKit;
			sourceTree = "<group>";
		};
		E1A400401643996C00F8AE92 /* Supporting Files */ = {
			isa = PBXGroup;
			children = (
				E14A34C31643A64F00B8EB6E /* libffi.dylib */,
				E15713B61643A5B700F6EAAB /* libxml2.2.dylib */,
				E15713B81643A5BE00F6EAAB /* CoreGraphics.framework */,
				E15713BA1643A5C300F6EAAB /* QuartzCore.framework */,
				E1A400451643996C00F8AE92 /* VeritasMachineKit-Prefix.pch */,
				E1A400411643996C00F8AE92 /* VeritasMachineKit-Info.plist */,
			);
			name = "Supporting Files";
			sourceTree = "<group>";
		};
		E1A4004C164399BF00F8AE92 /* Products */ = {
			isa = PBXGroup;
			children = (
				E1A400371643996C00F8AE92 /* VeritasMachineKit.framework */,
			);
			name = Products;
			path = VeritasMachineKit;
			sourceTree = "<group>";
		};
		E1A4005716439A1D00F8AE92 /* VeritasMachineKitiOS */ = {
			isa = PBXGroup;
			children = (
				E1A4005E16439A1D00F8AE92 /* VeritasMachineKit.h */,
				E1A4005816439A1D00F8AE92 /* Supporting Files */,
			);
			path = VeritasMachineKitiOS;
			sourceTree = "<group>";
		};
		E1A4005816439A1D00F8AE92 /* Supporting Files */ = {
			isa = PBXGroup;
			children = (
				E1A4005916439A1D00F8AE92 /* VeritasMachineKitiOS-Info.plist */,
				E1A4005D16439A1D00F8AE92 /* VeritasMachineKitiOS-Prefix.pch */,
				E15713AC1643A47900F6EAAB /* OpenGLES.framework */,
				E15713AA1643A47000F6EAAB /* CoreGraphics.framework */,
				E15713A61643A40B00F6EAAB /* QuartzCore.framework */,
				E15713A41643A39500F6EAAB /* libxml2.2.dylib */,
				E15713A21643A34C00F6EAAB /* UIKit.framework */,
			);
			name = "Supporting Files";
			sourceTree = "<group>";
		};
		E1A4FF891643993300F8AE92 /* Source */ = {
			isa = PBXGroup;
			children = (
				E1A4FF8A1643993300F8AE92 /* BridgeSupport */,
				E1A4FFBA1643993300F8AE92 /* Engine */,
				E1A4FFC11643993300F8AE92 /* Extensions */,
				E1A4FFCF1643993300F8AE92 /* Frameworks */,
				E1A4FFF51643993300F8AE92 /* Library */,
				E1A400151643993300F8AE92 /* Runtime */,
				E1A400241643993300F8AE92 /* Shared */,
			);
			path = Source;
			sourceTree = "<group>";
		};
		E1A4FF8A1643993300F8AE92 /* BridgeSupport */ = {
			isa = PBXGroup;
			children = (
				E1A4FF8B1643993300F8AE92 /* BridgeSupportFiles */,
				E1A4FFB41643993300F8AE92 /* VMKBridgeFunctor.h */,
				E1A4FFB51643993300F8AE92 /* VMKBridgeFunctor.m */,
				E1A4FFB61643993300F8AE92 /* VMKBridgeInfo.h */,
				E1A4FFB71643993300F8AE92 /* VMKBridgeInfo.m */,
				E1A4FFB81643993300F8AE92 /* VMKBridgeService.h */,
				E1A4FFB91643993300F8AE92 /* VMKBridgeService.m */,
			);
			path = BridgeSupport;
			sourceTree = "<group>";
		};
		E1A4FF8B1643993300F8AE92 /* BridgeSupportFiles */ = {
			isa = PBXGroup;
			children = (
				E1A4FF8C1643993300F8AE92 /* Accelerate.bridgesupport */,
				E1A4FF8D1643993300F8AE92 /* Accounts.bridgesupport */,
				E1A4FF8E1643993300F8AE92 /* AddressBook.bridgesupport */,
				E1A4FF8F1643993300F8AE92 /* AddressBookUI.bridgesupport */,
				E1A4FF901643993300F8AE92 /* AssetsLibrary.bridgesupport */,
				E1A4FF911643993300F8AE92 /* AudioToolbox.bridgesupport */,
				E1A4FF921643993300F8AE92 /* AudioUnit.bridgesupport */,
				E1A4FF931643993300F8AE92 /* AVFoundation.bridgesupport */,
				E1A4FF941643993300F8AE92 /* CoreAudio.bridgesupport */,
				E1A4FF951643993300F8AE92 /* CoreBluetooth.bridgesupport */,
				E1A4FF961643993300F8AE92 /* CoreData.bridgesupport */,
				E1A4FF971643993300F8AE92 /* CoreFoundation.bridgesupport */,
				E1A4FF981643993300F8AE92 /* CoreImage.bridgesupport */,
				E1A4FF991643993300F8AE92 /* CoreLocation.bridgesupport */,
				E1A4FF9A1643993300F8AE92 /* CoreMedia.bridgesupport */,
				E1A4FF9B1643993300F8AE92 /* CoreMIDI.bridgesupport */,
				E1A4FF9C1643993300F8AE92 /* CoreMotion.bridgesupport */,
				E1A4FF9D1643993300F8AE92 /* CoreTelephony.bridgesupport */,
				E1A4FF9E1643993300F8AE92 /* CoreVideo.bridgesupport */,
				E1A4FF9F1643993300F8AE92 /* EventKit.bridgesupport */,
				E1A4FFA01643993300F8AE92 /* EventKitUI.bridgesupport */,
				E1A4FFA11643993300F8AE92 /* ExternalAccessory.bridgesupport */,
				E1A4FFA21643993300F8AE92 /* Foundation.bridgesupport */,
				E1A4FFA31643993300F8AE92 /* GameKit.bridgesupport */,
				E1A4FFA41643993300F8AE92 /* GSS.bridgesupport */,
				E1A4FFA51643993300F8AE92 /* iAd.bridgesupport */,
				E1A4FFA61643993300F8AE92 /* MapKit.bridgesupport */,
				E1A4FFA71643993300F8AE92 /* MediaPlayer.bridgesupport */,
				E1A4FFA81643993300F8AE92 /* MessageUI.bridgesupport */,
				E1A4FFA91643993300F8AE92 /* MobileCoreServices.bridgesupport */,
				E1A4FFAA1643993300F8AE92 /* NewsstandKit.bridgesupport */,
				E1A4FFAB1643993300F8AE92 /* OpenAL.bridgesupport */,
				E1A4FFAC1643993300F8AE92 /* OpenGLES.bridgesupport */,
				E1A4FFAD1643993300F8AE92 /* QuartzCore.bridgesupport */,
				E1A4FFAE1643993300F8AE92 /* QuickLook.bridgesupport */,
				E1A4FFAF1643993300F8AE92 /* Security.bridgesupport */,
				E1A4FFB01643993300F8AE92 /* StoreKit.bridgesupport */,
				E1A4FFB11643993300F8AE92 /* SystemConfiguration.bridgesupport */,
				E1A4FFB21643993300F8AE92 /* Twitter.bridgesupport */,
				E1A4FFB31643993300F8AE92 /* UIKit.bridgesupport */,
			);
			path = BridgeSupportFiles;
			sourceTree = "<group>";
		};
		E1A4FFBA1643993300F8AE92 /* Engine */ = {
			isa = PBXGroup;
			children = (
				E1A4FFBB1643993300F8AE92 /* VMKLibraryInformation.h */,
				E1A4FFBC1643993300F8AE92 /* VMKLibraryInformation.m */,
				E1A4FFBD1643993300F8AE92 /* VMKMachineService.h */,
				E1A4FFBE1643993300F8AE92 /* VMKMachineService.m */,
			);
			path = Engine;
			sourceTree = "<group>";
		};
		E1A4FFC11643993300F8AE92 /* Extensions */ = {
			isa = PBXGroup;
			children = (
				E1A4FFC21643993300F8AE92 /* VMKIndexing.h */,
				E1A4FFC31643993300F8AE92 /* VMKProfile.h */,
				E1A4FFC41643993300F8AE92 /* VMKProfile.c */,
				E1A4FFC51643993300F8AE92 /* NSArray+VMKIndex.h */,
				E1A4FFC61643993300F8AE92 /* NSArray+VMKIndex.m */,
				E1A4FFC71643993300F8AE92 /* NSData+Base64.h */,
				E1A4FFC81643993300F8AE92 /* NSData+Base64.m */,
				E1A4FFC91643993300F8AE92 /* NSDictionary+VMKIndex.h */,
				E1A4FFCA1643993300F8AE92 /* NSDictionary+VMKIndex.m */,
				E1A4FFCD1643993300F8AE92 /* NSString+VMKIndex.h */,
				E1A4FFCE1643993300F8AE92 /* NSString+VMKIndex.m */,
			);
			path = Extensions;
			sourceTree = "<group>";
		};
		E1A4FFCF1643993300F8AE92 /* Frameworks */ = {
			isa = PBXGroup;
			children = (
				E1A4FFD01643993300F8AE92 /* CoreGraphics */,
				E1A4FFD51643993300F8AE92 /* Foundation */,
				E1A4FFE31643993300F8AE92 /* QuartzCore */,
				E1A4FFE61643993300F8AE92 /* Shared */,
				E1A4FFEA1643993300F8AE92 /* UIKit */,
			);
			path = Frameworks;
			sourceTree = "<group>";
		};
		E1A4FFD01643993300F8AE92 /* CoreGraphics */ = {
			isa = PBXGroup;
			children = (
				E1A4FFD11643993300F8AE92 /* LuaCGAffineTransform.h */,
				E1A4FFD21643993300F8AE92 /* LuaCGAffineTransform.c */,
				E1A4FFD31643993300F8AE92 /* LuaCGGeometry.h */,
				E1A4FFD41643993300F8AE92 /* LuaCGGeometry.m */,
			);
			path = CoreGraphics;
			sourceTree = "<group>";
		};
		E1A4FFD51643993300F8AE92 /* Foundation */ = {
			isa = PBXGroup;
			children = (
				E1A4FFD61643993300F8AE92 /* LuaFoundation.h */,
				E1A4FFD71643993300F8AE92 /* LuaFoundation.m */,
				E1A4FFD81643993300F8AE92 /* LuaNSBundle.h */,
				E1A4FFD91643993300F8AE92 /* LuaNSBundle.m */,
				E1A4FFDA1643993300F8AE92 /* LuaNSCollection.h */,
				E1A4FFDB1643993300F8AE92 /* LuaNSCollection.m */,
				E1A4FFDC1643993300F8AE92 /* LuaNSRange.h */,
				E1A4FFDD1643993300F8AE92 /* LuaNSRange.m */,
				E1A4FFDE1643993300F8AE92 /* LuaNSString.h */,
				E1A4FFDF1643993300F8AE92 /* LuaNSString.c */,
			);
			path = Foundation;
			sourceTree = "<group>";
		};
		E1A4FFE31643993300F8AE92 /* QuartzCore */ = {
			isa = PBXGroup;
			children = (
				E1A4FFE41643993300F8AE92 /* LuaCATransform3D.h */,
				E1A4FFE51643993300F8AE92 /* LuaCATransform3D.c */,
			);
			path = QuartzCore;
			sourceTree = "<group>";
		};
		E1A4FFE61643993300F8AE92 /* Shared */ = {
			isa = PBXGroup;
			children = (
				E1A4FFE71643993300F8AE92 /* VMKFrameworkFunctions.h */,
				E1A4FFE81643993300F8AE92 /* VMKFrameworkFunctions.c */,
				E1A4FFE91643993300F8AE92 /* VMKStructs.h */,
			);
			path = Shared;
			sourceTree = "<group>";
		};
		E1A4FFEA1643993300F8AE92 /* UIKit */ = {
			isa = PBXGroup;
			children = (
				E1A4FFEB1643993300F8AE92 /* LuaUIAccessibility.h */,
				E1A4FFEC1643993300F8AE92 /* LuaUIAccessibility.m */,
				E1A4FFED1643993300F8AE92 /* LuaUIGeometry.h */,
				E1A4FFEE1643993300F8AE92 /* LuaUIGeometry.m */,
				E1A4FFEF1643993300F8AE92 /* LuaUIGraphics.h */,
				E1A4FFF01643993300F8AE92 /* LuaUIGraphics.m */,
				E1A4FFF11643993300F8AE92 /* LuaUIKit.h */,
				E1A4FFF21643993300F8AE92 /* LuaUIKit.m */,
				E1A4FFF31643993300F8AE92 /* LuaUIView.h */,
				E1A4FFF41643993300F8AE92 /* LuaUIView.m */,
			);
			path = UIKit;
			sourceTree = "<group>";
		};
		E1A4FFF51643993300F8AE92 /* Library */ = {
			isa = PBXGroup;
			children = (
				E1A4FFF61643993300F8AE92 /* libffi-3.0.11 */,
				E1A4000B1643993300F8AE92 /* Objective-Lua */,
				E1A4000E1643993300F8AE92 /* XML */,
			);
			path = Library;
			sourceTree = "<group>";
		};
		E1A4FFF61643993300F8AE92 /* libffi-3.0.11 */ = {
			isa = PBXGroup;
			children = (
				E1A4FFF71643993300F8AE92 /* iOS */,
				E1A400011643993300F8AE92 /* LICENSE */,
				E1A400021643993300F8AE92 /* MacOSX */,
			);
			path = "libffi-3.0.11";
			sourceTree = "<group>";
		};
		E1A4FFF71643993300F8AE92 /* iOS */ = {
			isa = PBXGroup;
			children = (
				E1A4FFF81643993300F8AE92 /* include */,
				E1A400001643993300F8AE92 /* libffi_ios.a */,
			);
			path = iOS;
			sourceTree = "<group>";
		};
		E1A4FFF81643993300F8AE92 /* include */ = {
			isa = PBXGroup;
			children = (
				E1A4FFF91643993300F8AE92 /* ffi.h */,
				E1A4FFFA1643993300F8AE92 /* ffi_armv7.h */,
				E1A4FFFB1643993300F8AE92 /* ffi_i386.h */,
				E1A4FFFC1643993300F8AE92 /* ffitarget.h */,
				E1A4FFFD1643993300F8AE92 /* ffitarget_arm.h */,
				E1A4FFFE1643993300F8AE92 /* ffitarget_armv7.h */,
				E1A4FFFF1643993300F8AE92 /* ffitarget_i386.h */,
			);
			path = include;
			sourceTree = "<group>";
		};
		E1D62E6316AE20A800DE39BF /* Products */ = {
			isa = PBXGroup;
			children = (
				E1D62E6B16AE20A900DE39BF /* LuaKit.framework */,
				E1D62E6D16AE20A900DE39BF /* LuaKit.framework */,
			);
			name = Products;
			sourceTree = "<group>";
		};
/* End PBXGroup section */

/* Begin PBXHeadersBuildPhase section */
		E1A400341643996C00F8AE92 /* Headers */ = {
			isa = PBXHeadersBuildPhase;
			buildActionMask = 2147483647;
			files = (
				E1A4008E16439AAF00F8AE92 /* VeritasMachineKit.h in Headers */,
				E1A4008F16439AF100F8AE92 /* VMKMessage.h in Headers */,
				E1A4008A16439A9F00F8AE92 /* VMKMachineService.h in Headers */,
				E1A4008C16439A9F00F8AE92 /* VMKAuxiliary.h in Headers */,
				E1A4008D16439A9F00F8AE92 /* VMKBase.h in Headers */,
				E15713AF1643A51F00F6EAAB /* ffi.h in Headers */,
				E15713B01643A51F00F6EAAB /* ffi_i386.h in Headers */,
				E15713B11643A51F00F6EAAB /* ffi_x86_64.h in Headers */,
				E15713B21643A51F00F6EAAB /* ffitarget.h in Headers */,
				E15713B31643A51F00F6EAAB /* ffitarget_i386.h in Headers */,
				E15713B41643A51F00F6EAAB /* ffitarget_x86_64.h in Headers */,
				E1AB5B1316AD1277005F4E41 /* VMKClass.h in Headers */,
				E172CF6A16B19DF800B5E035 /* CFRuntime.h in Headers */,
			);
			runOnlyForDeploymentPostprocessing = 0;
		};
		E1A4005116439A1C00F8AE92 /* Headers */ = {
			isa = PBXHeadersBuildPhase;
			buildActionMask = 2147483647;
			files = (
				E1A400B916439B8000F8AE92 /* VeritasMachineKit.h in Headers */,
				E1A400B416439B6900F8AE92 /* VMKMachineService.h in Headers */,
				E1A400B616439B6900F8AE92 /* VMKAuxiliary.h in Headers */,
				E1A400B716439B6900F8AE92 /* VMKBase.h in Headers */,
				E1A400B816439B6900F8AE92 /* VMKMessage.h in Headers */,
				E1AB5B1416AD1277005F4E41 /* VMKClass.h in Headers */,
				E172CF6B16B19DF800B5E035 /* CFRuntime.h in Headers */,
			);
			runOnlyForDeploymentPostprocessing = 0;
		};
/* End PBXHeadersBuildPhase section */

/* Begin PBXNativeTarget section */
		E14A34DD1643A77F00B8EB6E /* VeritasMahineIOSDemo */ = {
			isa = PBXNativeTarget;
			buildConfigurationList = E14A34F81643A77F00B8EB6E /* Build configuration list for PBXNativeTarget "VeritasMahineIOSDemo" */;
			buildPhases = (
				E14A34DA1643A77F00B8EB6E /* Sources */,
				E14A34DB1643A77F00B8EB6E /* Frameworks */,
				E14A34DC1643A77F00B8EB6E /* Resources */,
			);
			buildRules = (
			);
			dependencies = (
				E14A34FE1643A7BA00B8EB6E /* PBXTargetDependency */,
			);
			name = VeritasMahineIOSDemo;
			productName = VeritasMahineIOSDemo;
			productReference = E14A34DE1643A77F00B8EB6E /* VeritasMahineIOSDemo.app */;
			productType = "com.apple.product-type.application";
		};
		E1A400361643996C00F8AE92 /* VeritasMachineKit-Mac */ = {
			isa = PBXNativeTarget;
			buildConfigurationList = E1A400491643996C00F8AE92 /* Build configuration list for PBXNativeTarget "VeritasMachineKit-Mac" */;
			buildPhases = (
				E1A400321643996C00F8AE92 /* Sources */,
				E1A400331643996C00F8AE92 /* Frameworks */,
				E1A400341643996C00F8AE92 /* Headers */,
				E1A400351643996C00F8AE92 /* Resources */,
			);
			buildRules = (
			);
			dependencies = (
				E1D62E7016AE20B600DE39BF /* PBXTargetDependency */,
			);
			name = "VeritasMachineKit-Mac";
			productName = VeritasMachineKit;
			productReference = E1A400371643996C00F8AE92 /* VeritasMachineKit.framework */;
			productType = "com.apple.product-type.framework";
		};
		E1A4005316439A1C00F8AE92 /* VeritasMachineKit-iOS */ = {
			isa = PBXNativeTarget;
			buildConfigurationList = E1A4006116439A1D00F8AE92 /* Build configuration list for PBXNativeTarget "VeritasMachineKit-iOS" */;
			buildPhases = (
				E1A4004F16439A1C00F8AE92 /* Sources */,
				E1A4005016439A1C00F8AE92 /* Frameworks */,
				E1A4005116439A1C00F8AE92 /* Headers */,
				E1A4005216439A1C00F8AE92 /* Resources */,
			);
			buildRules = (
			);
			dependencies = (
				E1D62E7416AE20CA00DE39BF /* PBXTargetDependency */,
			);
			name = "VeritasMachineKit-iOS";
			productName = VeritasMachineKitiOS;
			productReference = E1A4005416439A1D00F8AE92 /* VeritasMachineKit.framework */;
			productType = "com.apple.product-type.framework";
		};
/* End PBXNativeTarget section */

/* Begin PBXProject section */
		34E8A16714D24C82000F9EB1 /* Project object */ = {
			isa = PBXProject;
			attributes = {
				LastUpgradeCheck = 0450;
			};
			buildConfigurationList = 34E8A16A14D24C82000F9EB1 /* Build configuration list for PBXProject "VeritasMachineKit" */;
			compatibilityVersion = "Xcode 3.2";
			developmentRegion = English;
			hasScannedForEncodings = 0;
			knownRegions = (
				en,
			);
			mainGroup = 34E8A16514D24C82000F9EB1;
			productRefGroup = 34E8A16514D24C82000F9EB1;
			projectDirPath = "";
			projectReferences = (
				{
					ProductGroup = E1D62E6316AE20A800DE39BF /* Products */;
					ProjectRef = E1D62E6216AE20A800DE39BF /* LuaKit.xcodeproj */;
				},
			);
			projectRoot = "";
			targets = (
				E1A400361643996C00F8AE92 /* VeritasMachineKit-Mac */,
				E1A4005316439A1C00F8AE92 /* VeritasMachineKit-iOS */,
				E14A34DD1643A77F00B8EB6E /* VeritasMahineIOSDemo */,
			);
		};
/* End PBXProject section */

/* Begin PBXReferenceProxy section */
		E1D62E6B16AE20A900DE39BF /* LuaKit.framework */ = {
			isa = PBXReferenceProxy;
			fileType = wrapper.framework;
			path = LuaKit.framework;
			remoteRef = E1D62E6A16AE20A900DE39BF /* PBXContainerItemProxy */;
			sourceTree = BUILT_PRODUCTS_DIR;
		};
		E1D62E6D16AE20A900DE39BF /* LuaKit.framework */ = {
			isa = PBXReferenceProxy;
			fileType = wrapper.framework;
			path = LuaKit.framework;
			remoteRef = E1D62E6C16AE20A900DE39BF /* PBXContainerItemProxy */;
			sourceTree = BUILT_PRODUCTS_DIR;
		};
/* End PBXReferenceProxy section */

/* Begin PBXResourcesBuildPhase section */
		E14A34DC1643A77F00B8EB6E /* Resources */ = {
			isa = PBXResourcesBuildPhase;
			buildActionMask = 2147483647;
			files = (
				E14A34EB1643A77F00B8EB6E /* InfoPlist.strings in Resources */,
				E14A34F31643A77F00B8EB6E /* Default.png in Resources */,
				E14A34F51643A77F00B8EB6E /* Default@2x.png in Resources */,
				E14A34F71643A77F00B8EB6E /* Default-568h@2x.png in Resources */,
				E14A34FC1643A79D00B8EB6E /* Main.v in Resources */,
			);
			runOnlyForDeploymentPostprocessing = 0;
		};
		E1A400351643996C00F8AE92 /* Resources */ = {
			isa = PBXResourcesBuildPhase;
			buildActionMask = 2147483647;
			files = (
				E14A35271643A83A00B8EB6E /* LuaCParser.lua in Resources */,
				E14A35281643A83A00B8EB6E /* VMKParser.lua in Resources */,
			);
			runOnlyForDeploymentPostprocessing = 0;
		};
		E1A4005216439A1C00F8AE92 /* Resources */ = {
			isa = PBXResourcesBuildPhase;
			buildActionMask = 2147483647;
			files = (
				E14A35521643A8BF00B8EB6E /* LuaCParser.lua in Resources */,
				E14A35531643A8BF00B8EB6E /* VMKParser.lua in Resources */,
				E14A352A1643A8B100B8EB6E /* Accelerate.bridgesupport in Resources */,
				E14A352B1643A8B100B8EB6E /* Accounts.bridgesupport in Resources */,
				E14A352C1643A8B100B8EB6E /* AddressBook.bridgesupport in Resources */,
				E14A352D1643A8B100B8EB6E /* AddressBookUI.bridgesupport in Resources */,
				E14A352E1643A8B100B8EB6E /* AssetsLibrary.bridgesupport in Resources */,
				E14A352F1643A8B100B8EB6E /* AudioToolbox.bridgesupport in Resources */,
				E14A35301643A8B100B8EB6E /* AudioUnit.bridgesupport in Resources */,
				E14A35311643A8B100B8EB6E /* AVFoundation.bridgesupport in Resources */,
				E14A35321643A8B100B8EB6E /* CoreAudio.bridgesupport in Resources */,
				E14A35331643A8B100B8EB6E /* CoreBluetooth.bridgesupport in Resources */,
				E14A35341643A8B100B8EB6E /* CoreData.bridgesupport in Resources */,
				E14A35351643A8B100B8EB6E /* CoreFoundation.bridgesupport in Resources */,
				E14A35361643A8B100B8EB6E /* CoreImage.bridgesupport in Resources */,
				E14A35371643A8B100B8EB6E /* CoreLocation.bridgesupport in Resources */,
				E14A35381643A8B100B8EB6E /* CoreMedia.bridgesupport in Resources */,
				E14A35391643A8B100B8EB6E /* CoreMIDI.bridgesupport in Resources */,
				E14A353A1643A8B100B8EB6E /* CoreMotion.bridgesupport in Resources */,
				E14A353B1643A8B100B8EB6E /* CoreTelephony.bridgesupport in Resources */,
				E14A353C1643A8B100B8EB6E /* CoreVideo.bridgesupport in Resources */,
				E14A353D1643A8B100B8EB6E /* EventKit.bridgesupport in Resources */,
				E14A353E1643A8B100B8EB6E /* EventKitUI.bridgesupport in Resources */,
				E14A353F1643A8B100B8EB6E /* ExternalAccessory.bridgesupport in Resources */,
				E14A35401643A8B100B8EB6E /* Foundation.bridgesupport in Resources */,
				E14A35411643A8B100B8EB6E /* GameKit.bridgesupport in Resources */,
				E14A35421643A8B100B8EB6E /* GSS.bridgesupport in Resources */,
				E14A35431643A8B100B8EB6E /* iAd.bridgesupport in Resources */,
				E14A35441643A8B100B8EB6E /* MapKit.bridgesupport in Resources */,
				E14A35451643A8B100B8EB6E /* MediaPlayer.bridgesupport in Resources */,
				E14A35461643A8B100B8EB6E /* MessageUI.bridgesupport in Resources */,
				E14A35471643A8B100B8EB6E /* MobileCoreServices.bridgesupport in Resources */,
				E14A35481643A8B100B8EB6E /* NewsstandKit.bridgesupport in Resources */,
				E14A35491643A8B100B8EB6E /* OpenAL.bridgesupport in Resources */,
				E14A354A1643A8B100B8EB6E /* OpenGLES.bridgesupport in Resources */,
				E14A354B1643A8B100B8EB6E /* QuartzCore.bridgesupport in Resources */,
				E14A354C1643A8B100B8EB6E /* QuickLook.bridgesupport in Resources */,
				E14A354D1643A8B100B8EB6E /* Security.bridgesupport in Resources */,
				E14A354E1643A8B100B8EB6E /* StoreKit.bridgesupport in Resources */,
				E14A354F1643A8B100B8EB6E /* SystemConfiguration.bridgesupport in Resources */,
				E14A35501643A8B100B8EB6E /* Twitter.bridgesupport in Resources */,
				E14A35511643A8B100B8EB6E /* UIKit.bridgesupport in Resources */,
			);
			runOnlyForDeploymentPostprocessing = 0;
		};
/* End PBXResourcesBuildPhase section */

/* Begin PBXSourcesBuildPhase section */
		E14A34DA1643A77F00B8EB6E /* Sources */ = {
			isa = PBXSourcesBuildPhase;
			buildActionMask = 2147483647;
			files = (
				E14A34ED1643A77F00B8EB6E /* main.m in Sources */,
			);
			runOnlyForDeploymentPostprocessing = 0;
		};
		E1A400321643996C00F8AE92 /* Sources */ = {
			isa = PBXSourcesBuildPhase;
			buildActionMask = 2147483647;
			files = (
				E1A4006616439A7900F8AE92 /* VMKBridgeFunctor.m in Sources */,
				E1A4006716439A7900F8AE92 /* VMKBridgeInfo.m in Sources */,
				E1A4006816439A7900F8AE92 /* VMKBridgeService.m in Sources */,
				E1A4006916439A7900F8AE92 /* VMKLibraryInformation.m in Sources */,
				E1A4006A16439A7900F8AE92 /* VMKMachineService.m in Sources */,
				E1A4006C16439A7900F8AE92 /* VMKProfile.c in Sources */,
				E1A4006D16439A7900F8AE92 /* NSArray+VMKIndex.m in Sources */,
				E1A4006E16439A7900F8AE92 /* NSData+Base64.m in Sources */,
				E1A4006F16439A7900F8AE92 /* NSDictionary+VMKIndex.m in Sources */,
				E1A4007116439A7900F8AE92 /* NSString+VMKIndex.m in Sources */,
				E1A4007216439A7900F8AE92 /* LuaCGAffineTransform.c in Sources */,
				E1A4007316439A7900F8AE92 /* LuaCGGeometry.m in Sources */,
				E1A4007416439A7900F8AE92 /* LuaFoundation.m in Sources */,
				E1A4007516439A7900F8AE92 /* LuaNSBundle.m in Sources */,
				E1A4007616439A7900F8AE92 /* LuaNSCollection.m in Sources */,
				E1A4007716439A7900F8AE92 /* LuaNSRange.m in Sources */,
				E1A4007816439A7900F8AE92 /* LuaNSString.c in Sources */,
				E1A4007A16439A7900F8AE92 /* LuaCATransform3D.c in Sources */,
				E1A4007B16439A7900F8AE92 /* VMKFrameworkFunctions.c in Sources */,
				E1A4008116439A7900F8AE92 /* XMLDocument.m in Sources */,
				E1A4008216439A7900F8AE92 /* XMLNode.m in Sources */,
				E1A4008316439A7900F8AE92 /* XMLPathProcessor.m in Sources */,
				E1A4008416439A7900F8AE92 /* VMKObject.m in Sources */,
				E1A4008516439A7900F8AE92 /* VMKAuxiliary.m in Sources */,
				E1A4008616439A7900F8AE92 /* VMKClass.m in Sources */,
				E1A4008716439A7900F8AE92 /* VMKMessage.m in Sources */,
				E1A4008816439A7900F8AE92 /* VMKProperty.m in Sources */,
				E1A4008916439A7900F8AE92 /* VMKRuntime.m in Sources */,
			);
			runOnlyForDeploymentPostprocessing = 0;
		};
		E1A4004F16439A1C00F8AE92 /* Sources */ = {
			isa = PBXSourcesBuildPhase;
			buildActionMask = 2147483647;
			files = (
				E1A4009016439B4600F8AE92 /* VMKBridgeFunctor.m in Sources */,
				E1A4009116439B4600F8AE92 /* VMKBridgeInfo.m in Sources */,
				E1A4009216439B4600F8AE92 /* VMKBridgeService.m in Sources */,
				E1A4009316439B4600F8AE92 /* VMKLibraryInformation.m in Sources */,
				E1A4009416439B4600F8AE92 /* VMKMachineService.m in Sources */,
				E1A4009616439B4600F8AE92 /* VMKProfile.c in Sources */,
				E1A4009716439B4600F8AE92 /* NSArray+VMKIndex.m in Sources */,
				E1A4009816439B4600F8AE92 /* NSData+Base64.m in Sources */,
				E1A4009916439B4600F8AE92 /* NSDictionary+VMKIndex.m in Sources */,
				E1A4009B16439B4600F8AE92 /* NSString+VMKIndex.m in Sources */,
				E1A4009C16439B4600F8AE92 /* LuaCGAffineTransform.c in Sources */,
				E1A4009D16439B4600F8AE92 /* LuaCGGeometry.m in Sources */,
				E1A4009E16439B4600F8AE92 /* LuaFoundation.m in Sources */,
				E1A4009F16439B4600F8AE92 /* LuaNSBundle.m in Sources */,
				E1A400A016439B4600F8AE92 /* LuaNSCollection.m in Sources */,
				E1A400A116439B4600F8AE92 /* LuaNSRange.m in Sources */,
				E1A400A216439B4600F8AE92 /* LuaNSString.c in Sources */,
				E1A400A416439B4600F8AE92 /* LuaCATransform3D.c in Sources */,
				E1A400A516439B4600F8AE92 /* VMKFrameworkFunctions.c in Sources */,
				E1A400A616439B4600F8AE92 /* LuaUIAccessibility.m in Sources */,
				E1A400A716439B4600F8AE92 /* LuaUIGeometry.m in Sources */,
				E1A400A816439B4600F8AE92 /* LuaUIGraphics.m in Sources */,
				E1A400A916439B4600F8AE92 /* LuaUIKit.m in Sources */,
				E1A400AA16439B4600F8AE92 /* LuaUIView.m in Sources */,
				E1A400AB16439B4600F8AE92 /* XMLDocument.m in Sources */,
				E1A400AC16439B4600F8AE92 /* XMLNode.m in Sources */,
				E1A400AD16439B4600F8AE92 /* XMLPathProcessor.m in Sources */,
				E1A400AE16439B4600F8AE92 /* VMKObject.m in Sources */,
				E1A400AF16439B4600F8AE92 /* VMKAuxiliary.m in Sources */,
				E1A400B016439B4600F8AE92 /* VMKClass.m in Sources */,
				E1A400B116439B4600F8AE92 /* VMKMessage.m in Sources */,
				E1A400B216439B4600F8AE92 /* VMKProperty.m in Sources */,
				E1A400B316439B4600F8AE92 /* VMKRuntime.m in Sources */,
			);
			runOnlyForDeploymentPostprocessing = 0;
		};
/* End PBXSourcesBuildPhase section */

/* Begin PBXTargetDependency section */
		E14A34FE1643A7BA00B8EB6E /* PBXTargetDependency */ = {
			isa = PBXTargetDependency;
			target = E1A4005316439A1C00F8AE92 /* VeritasMachineKit-iOS */;
			targetProxy = E14A34FD1643A7BA00B8EB6E /* PBXContainerItemProxy */;
		};
		E1D62E7016AE20B600DE39BF /* PBXTargetDependency */ = {
			isa = PBXTargetDependency;
			name = "LuaKit-Mac";
			targetProxy = E1D62E6F16AE20B600DE39BF /* PBXContainerItemProxy */;
		};
		E1D62E7416AE20CA00DE39BF /* PBXTargetDependency */ = {
			isa = PBXTargetDependency;
			name = "LuaKit-iOS";
			targetProxy = E1D62E7316AE20CA00DE39BF /* PBXContainerItemProxy */;
		};
/* End PBXTargetDependency section */

/* Begin PBXVariantGroup section */
		E14A34E91643A77F00B8EB6E /* InfoPlist.strings */ = {
			isa = PBXVariantGroup;
			children = (
				E14A34EA1643A77F00B8EB6E /* en */,
			);
			name = InfoPlist.strings;
			sourceTree = "<group>";
		};
/* End PBXVariantGroup section */

/* Begin XCBuildConfiguration section */
		34E8A18614D24C82000F9EB1 /* Debug */ = {
			isa = XCBuildConfiguration;
			buildSettings = {
				ALWAYS_SEARCH_USER_PATHS = NO;
				ARCHS = "$(ARCHS_STANDARD_32_BIT)";
				"CODE_SIGN_IDENTITY[sdk=iphoneos*]" = "iPhone Developer";
				COPY_PHASE_STRIP = NO;
				GCC_C_LANGUAGE_STANDARD = gnu99;
				GCC_DYNAMIC_NO_PIC = NO;
				GCC_OPTIMIZATION_LEVEL = 0;
				GCC_PREPROCESSOR_DEFINITIONS = (
					"DEBUG=1",
					"$(inherited)",
				);
				GCC_SYMBOLS_PRIVATE_EXTERN = NO;
				GCC_VERSION = com.apple.compilers.llvm.clang.1_0;
				GCC_WARN_ABOUT_MISSING_PROTOTYPES = YES;
				GCC_WARN_ABOUT_RETURN_TYPE = YES;
				GCC_WARN_UNUSED_VARIABLE = YES;
				IPHONEOS_DEPLOYMENT_TARGET = 4.3;
				MACOSX_DEPLOYMENT_TARGET = 10.8;
				SDKROOT = iphoneos;
				TARGETED_DEVICE_FAMILY = "1,2";
			};
			name = Debug;
		};
		34E8A18714D24C82000F9EB1 /* Release */ = {
			isa = XCBuildConfiguration;
			buildSettings = {
				ALWAYS_SEARCH_USER_PATHS = NO;
				ARCHS = "$(ARCHS_STANDARD_32_BIT)";
				"CODE_SIGN_IDENTITY[sdk=iphoneos*]" = "iPhone Distribution";
				COPY_PHASE_STRIP = YES;
				GCC_C_LANGUAGE_STANDARD = gnu99;
				GCC_VERSION = com.apple.compilers.llvm.clang.1_0;
				GCC_WARN_ABOUT_MISSING_PROTOTYPES = YES;
				GCC_WARN_ABOUT_RETURN_TYPE = YES;
				GCC_WARN_UNUSED_VARIABLE = YES;
				IPHONEOS_DEPLOYMENT_TARGET = 4.3;
				MACOSX_DEPLOYMENT_TARGET = 10.8;
				OTHER_CFLAGS = "-DNS_BLOCK_ASSERTIONS=1";
				"PROVISIONING_PROFILE[sdk=iphoneos*]" = "";
				SDKROOT = iphoneos;
				TARGETED_DEVICE_FAMILY = "1,2";
				VALIDATE_PRODUCT = YES;
			};
			name = Release;
		};
		E14A34F91643A77F00B8EB6E /* Debug */ = {
			isa = XCBuildConfiguration;
			buildSettings = {
				CLANG_CXX_LANGUAGE_STANDARD = "gnu++0x";
				CLANG_CXX_LIBRARY = "libc++";
				CLANG_WARN_EMPTY_BODY = YES;
				CLANG_WARN__DUPLICATE_METHOD_MATCH = YES;
				"CODE_SIGN_IDENTITY[sdk=iphoneos*]" = "iPhone Developer";
				GCC_PRECOMPILE_PREFIX_HEADER = YES;
				GCC_PREFIX_HEADER = "";
				GCC_WARN_UNINITIALIZED_AUTOS = YES;
				INFOPLIST_FILE = "VeritasMahineIOSDemo/VeritasMahineIOSDemo-Info.plist";
				IPHONEOS_DEPLOYMENT_TARGET = 5.0;
				PRODUCT_NAME = "$(TARGET_NAME)";
				WRAPPER_EXTENSION = app;
			};
			name = Debug;
		};
		E14A34FA1643A77F00B8EB6E /* Release */ = {
			isa = XCBuildConfiguration;
			buildSettings = {
				CLANG_CXX_LANGUAGE_STANDARD = "gnu++0x";
				CLANG_CXX_LIBRARY = "libc++";
				CLANG_WARN_EMPTY_BODY = YES;
				CLANG_WARN__DUPLICATE_METHOD_MATCH = YES;
				"CODE_SIGN_IDENTITY[sdk=iphoneos*]" = "iPhone Developer";
				GCC_PRECOMPILE_PREFIX_HEADER = YES;
				GCC_PREFIX_HEADER = "";
				GCC_WARN_UNINITIALIZED_AUTOS = YES;
				INFOPLIST_FILE = "VeritasMahineIOSDemo/VeritasMahineIOSDemo-Info.plist";
				IPHONEOS_DEPLOYMENT_TARGET = 5.0;
				PRODUCT_NAME = "$(TARGET_NAME)";
				WRAPPER_EXTENSION = app;
			};
			name = Release;
		};
		E1A4004A1643996C00F8AE92 /* Debug */ = {
			isa = XCBuildConfiguration;
			buildSettings = {
				ARCHS = "$(ARCHS_STANDARD_64_BIT)";
				CLANG_CXX_LANGUAGE_STANDARD = "gnu++0x";
				CLANG_CXX_LIBRARY = "libc++";
				CLANG_WARN_EMPTY_BODY = YES;
				CLANG_WARN__DUPLICATE_METHOD_MATCH = YES;
				COMBINE_HIDPI_IMAGES = YES;
				DYLIB_COMPATIBILITY_VERSION = 1;
				DYLIB_CURRENT_VERSION = 1;
				FRAMEWORK_SEARCH_PATHS = (
					"$(inherited)",
					"\"$(SYSTEM_APPS_DIR)/Xcode.app/Contents/Developer/Library/Frameworks\"",
				);
				FRAMEWORK_VERSION = A;
				GCC_ENABLE_OBJC_EXCEPTIONS = YES;
				GCC_PRECOMPILE_PREFIX_HEADER = YES;
				GCC_PREFIX_HEADER = "VeritasMachineKit/VeritasMachineKit-Prefix.pch";
				GCC_WARN_64_TO_32_BIT_CONVERSION = YES;
				GCC_WARN_UNINITIALIZED_AUTOS = YES;
				HEADER_SEARCH_PATHS = /usr/include/libxml2;
				INFOPLIST_FILE = "VeritasMachineKit/VeritasMachineKit-Info.plist";
				ONLY_ACTIVE_ARCH = YES;
				PRODUCT_NAME = VeritasMachineKit;
				SDKROOT = macosx;
				USER_HEADER_SEARCH_PATHS = "";
				WRAPPER_EXTENSION = framework;
			};
			name = Debug;
		};
		E1A4004B1643996C00F8AE92 /* Release */ = {
			isa = XCBuildConfiguration;
			buildSettings = {
				ARCHS = "$(ARCHS_STANDARD_64_BIT)";
				CLANG_CXX_LANGUAGE_STANDARD = "gnu++0x";
				CLANG_CXX_LIBRARY = "libc++";
				CLANG_WARN_EMPTY_BODY = YES;
				CLANG_WARN__DUPLICATE_METHOD_MATCH = YES;
				COMBINE_HIDPI_IMAGES = YES;
				DEBUG_INFORMATION_FORMAT = "dwarf-with-dsym";
				DYLIB_COMPATIBILITY_VERSION = 1;
				DYLIB_CURRENT_VERSION = 1;
				FRAMEWORK_SEARCH_PATHS = (
					"$(inherited)",
					"\"$(SYSTEM_APPS_DIR)/Xcode.app/Contents/Developer/Library/Frameworks\"",
				);
				FRAMEWORK_VERSION = A;
				GCC_ENABLE_OBJC_EXCEPTIONS = YES;
				GCC_PRECOMPILE_PREFIX_HEADER = YES;
				GCC_PREFIX_HEADER = "VeritasMachineKit/VeritasMachineKit-Prefix.pch";
				GCC_WARN_64_TO_32_BIT_CONVERSION = YES;
				GCC_WARN_UNINITIALIZED_AUTOS = YES;
				HEADER_SEARCH_PATHS = /usr/include/libxml2;
				INFOPLIST_FILE = "VeritasMachineKit/VeritasMachineKit-Info.plist";
				PRODUCT_NAME = VeritasMachineKit;
				SDKROOT = macosx;
				USER_HEADER_SEARCH_PATHS = "";
				WRAPPER_EXTENSION = framework;
			};
			name = Release;
		};
		E1A4006216439A1D00F8AE92 /* Debug */ = {
			isa = XCBuildConfiguration;
			buildSettings = {
				CLANG_CXX_LANGUAGE_STANDARD = "gnu++0x";
				CLANG_CXX_LIBRARY = "libc++";
				CLANG_WARN_EMPTY_BODY = YES;
				CLANG_WARN__DUPLICATE_METHOD_MATCH = YES;
				DYLIB_COMPATIBILITY_VERSION = 1;
				DYLIB_CURRENT_VERSION = 1;
				FRAMEWORK_SEARCH_PATHS = (
					"$(inherited)",
					"\"$(SYSTEM_APPS_DIR)/Xcode.app/Contents/Developer/Library/Frameworks\"",
				);
				FRAMEWORK_VERSION = A;
				GCC_PRECOMPILE_PREFIX_HEADER = YES;
				GCC_PREFIX_HEADER = "VeritasMachineKitiOS/VeritasMachineKitiOS-Prefix.pch";
				GCC_WARN_UNINITIALIZED_AUTOS = YES;
				HEADER_SEARCH_PATHS = /usr/include/libxml2/;
				INFOPLIST_FILE = "VeritasMachineKitiOS/VeritasMachineKitiOS-Info.plist";
				INSTALL_PATH = "@executable_path/Frameworks";
				IPHONEOS_DEPLOYMENT_TARGET = 4.3;
				LIBRARY_SEARCH_PATHS = (
					"$(inherited)",
					"\"$(SRCROOT)/Source/Library/libffi-3.0.11/iOS\"",
				);
				PRODUCT_NAME = VeritasMachineKit;
				WRAPPER_EXTENSION = framework;
			};
			name = Debug;
		};
		E1A4006316439A1D00F8AE92 /* Release */ = {
			isa = XCBuildConfiguration;
			buildSettings = {
				CLANG_CXX_LANGUAGE_STANDARD = "gnu++0x";
				CLANG_CXX_LIBRARY = "libc++";
				CLANG_WARN_EMPTY_BODY = YES;
				CLANG_WARN__DUPLICATE_METHOD_MATCH = YES;
				DYLIB_COMPATIBILITY_VERSION = 1;
				DYLIB_CURRENT_VERSION = 1;
				FRAMEWORK_SEARCH_PATHS = (
					"$(inherited)",
					"\"$(SYSTEM_APPS_DIR)/Xcode.app/Contents/Developer/Library/Frameworks\"",
				);
				FRAMEWORK_VERSION = A;
				GCC_PRECOMPILE_PREFIX_HEADER = YES;
				GCC_PREFIX_HEADER = "VeritasMachineKitiOS/VeritasMachineKitiOS-Prefix.pch";
				GCC_WARN_UNINITIALIZED_AUTOS = YES;
				HEADER_SEARCH_PATHS = /usr/include/libxml2/;
				INFOPLIST_FILE = "VeritasMachineKitiOS/VeritasMachineKitiOS-Info.plist";
				INSTALL_PATH = "@executable_path/Frameworks";
				IPHONEOS_DEPLOYMENT_TARGET = 4.3;
				LIBRARY_SEARCH_PATHS = (
					"$(inherited)",
					"\"$(SRCROOT)/Source/Library/libffi-3.0.11/iOS\"",
				);
				PRODUCT_NAME = VeritasMachineKit;
				WRAPPER_EXTENSION = framework;
			};
			name = Release;
		};
/* End XCBuildConfiguration section */

/* Begin XCConfigurationList section */
		34E8A16A14D24C82000F9EB1 /* Build configuration list for PBXProject "VeritasMachineKit" */ = {
			isa = XCConfigurationList;
			buildConfigurations = (
				34E8A18614D24C82000F9EB1 /* Debug */,
				34E8A18714D24C82000F9EB1 /* Release */,
			);
			defaultConfigurationIsVisible = 0;
			defaultConfigurationName = Release;
		};
		E14A34F81643A77F00B8EB6E /* Build configuration list for PBXNativeTarget "VeritasMahineIOSDemo" */ = {
			isa = XCConfigurationList;
			buildConfigurations = (
				E14A34F91643A77F00B8EB6E /* Debug */,
				E14A34FA1643A77F00B8EB6E /* Release */,
			);
			defaultConfigurationIsVisible = 0;
			defaultConfigurationName = Release;
		};
		E1A400491643996C00F8AE92 /* Build configuration list for PBXNativeTarget "VeritasMachineKit-Mac" */ = {
			isa = XCConfigurationList;
			buildConfigurations = (
				E1A4004A1643996C00F8AE92 /* Debug */,
				E1A4004B1643996C00F8AE92 /* Release */,
			);
			defaultConfigurationIsVisible = 0;
			defaultConfigurationName = Release;
		};
		E1A4006116439A1D00F8AE92 /* Build configuration list for PBXNativeTarget "VeritasMachineKit-iOS" */ = {
			isa = XCConfigurationList;
			buildConfigurations = (
				E1A4006216439A1D00F8AE92 /* Debug */,
				E1A4006316439A1D00F8AE92 /* Release */,
			);
			defaultConfigurationIsVisible = 0;
			defaultConfigurationName = Release;
		};
/* End XCConfigurationList section */
	};
	rootObject = 34E8A16714D24C82000F9EB1 /* Project object */;
}
